
Microsoft Visual Studio Solution File, Format Version 12.00
# Visual Studio 15
VisualStudioVersion = 15.0.28010.2016
MinimumVisualStudioVersion = 10.0.40219.1
Project("{8BC9CEB8-8B4A-11D0-8D11-00A0C91BC942}") = "Count Triplets", "Count Triplets\Count Triplets.vcxproj", "{9D771281-50A3-412C-B77B-74930E289258}"
EndProject
Project("{8BC9CEB8-8B4A-11D0-8D11-00A0C91BC942}") = "Frequency Queries", "Frequency Queries\Frequency Queries.vcxproj", "{C7101DEF-5C1F-4D3D-A475-595EEB81E4CC}"
EndProject
Project("{8BC9CEB8-8B4A-11D0-8D11-00A0C91BC942}") = "Sorting, Bubble Sort", "Sorting, Bubble Sort\Sorting, Bubble Sort.vcxproj", "{0D836142-28B6-4F77-91DB-0B8E79FAA7A2}"
EndProject
Project("{8BC9CEB8-8B4A-11D0-8D11-00A0C91BC942}") = "Mark and Toys", "Mark and Toys\Mark and Toys.vcxproj", "{D8B90EB6-B0EF-496D-91E8-C8EBBFA77E78}"
EndProject
Project("{8BC9CEB8-8B4A-11D0-8D11-00A0C91BC942}") = "Sorting, Comparator", "Sorting, Comparator\Sorting, Comparator.vcxproj", "{75D03749-895A-49DD-A1CA-20F03F27CF63}"
EndProject
Project("{8BC9CEB8-8B4A-11D0-8D11-00A0C91BC942}") = "Fraudulent Activity Notifications", "Fraudulent Activity Notifications\Fraudulent Activity Notifications.vcxproj", "{EE7E50EC-AF46-49DC-BD53-61756F0B3C07}"
EndProject
Project("{8BC9CEB8-8B4A-11D0-8D11-00A0C91BC942}") = "Merge Sort Counting Inversions", "Merge Sort Counting Inversions\Merge Sort Counting Inversions.vcxproj", "{3B9F16B7-54EB-4536-8555-D7735B00FEA3}"
EndProject
Project("{8BC9CEB8-8B4A-11D0-8D11-00A0C91BC942}") = "Strings Making Anagrams", "Strings Making Anagrams\Strings Making Anagrams.vcxproj", "{0F875018-5B8C-496D-BA83-418BC89FACD5}"
EndProject
Project("{8BC9CEB8-8B4A-11D0-8D11-00A0C91BC942}") = "Alternating Characters", "Alternating Characters\Alternating Characters.vcxproj", "{4A14975D-8B06-40AB-A057-9F556D4DAE93}"
EndProject
Project("{8BC9CEB8-8B4A-11D0-8D11-00A0C91BC942}") = "Sherlock and the Valid String", "Sherlock and the Valid String\Sherlock and the Valid String.vcxproj", "{1F8BF6CE-F3D0-4552-AC6E-ED01B4878CF1}"
EndProject
Project("{8BC9CEB8-8B4A-11D0-8D11-00A0C91BC942}") = "Special Palindrome Again", "Special Palindrome Again\Special Palindrome Again.vcxproj", "{158EF76F-EC99-4517-BA47-31983D5CEFF9}"
EndProject
Project("{8BC9CEB8-8B4A-11D0-8D11-00A0C91BC942}") = "Jumping on the Clouds", "Jumping on the Clouds\Jumping on the Clouds.vcxproj", "{50C7A66D-9155-4ED6-92E0-6C0675A7AF0E}"
EndProject
Project("{8BC9CEB8-8B4A-11D0-8D11-00A0C91BC942}") = "Repeated String", "Repeated String\Repeated String.vcxproj", "{362F7725-F1B7-4484-88B6-93094DFB03F1}"
EndProject
Project("{8BC9CEB8-8B4A-11D0-8D11-00A0C91BC942}") = "Common Child", "Common Child\Common Child.vcxproj", "{58AA0547-2206-4E8E-9FFA-BB663A59CF4F}"
EndProject
Project("{8BC9CEB8-8B4A-11D0-8D11-00A0C91BC942}") = "Minimum Absolute Difference in an Array", "Minimum Absolute Difference in an Array\Minimum Absolute Difference in an Array.vcxproj", "{B01EF68C-7568-4EBF-8A47-47FF2B750466}"
EndProject
Project("{8BC9CEB8-8B4A-11D0-8D11-00A0C91BC942}") = "Luck Balance", "Luck Balance\Luck Balance.vcxproj", "{7F543D35-0FAF-4BCA-B68E-891C5CBDD482}"
EndProject
Project("{8BC9CEB8-8B4A-11D0-8D11-00A0C91BC942}") = "Greedy Florist", "Greedy Florist\Greedy Florist.vcxproj", "{5F35B171-3B98-4487-AB8A-385360036201}"
EndProject
Project("{8BC9CEB8-8B4A-11D0-8D11-00A0C91BC942}") = "Max Min", "Max Min\Max Min.vcxproj", "{28CF665F-4EF2-4644-A61C-40FBFEA1F76A}"
EndProject
Project("{8BC9CEB8-8B4A-11D0-8D11-00A0C91BC942}") = "Reverse Shuffle Merge", "Reverse Shuffle Merge\Reverse Shuffle Merge.vcxproj", "{75BE8BCD-E8B2-425C-A5BA-514724086B4C}"
EndProject
Project("{8BC9CEB8-8B4A-11D0-8D11-00A0C91BC942}") = "Hash Tables Ice Cream Parlor", "Hash Tables Ice Cream Parlor\Hash Tables Ice Cream Parlor.vcxproj", "{8945F36A-C2C1-4E62-B32B-33A7BD5104B6}"
EndProject
Project("{8BC9CEB8-8B4A-11D0-8D11-00A0C91BC942}") = "Swap Nodes [Algo]", "Swap Nodes [Algo]\Swap Nodes [Algo].vcxproj", "{BCB91185-6322-49C2-BD6A-7FE99A1D8116}"
EndProject
Project("{8BC9CEB8-8B4A-11D0-8D11-00A0C91BC942}") = "Pairs", "Pairs\Pairs.vcxproj", "{67546396-B834-415A-8230-4A9D417DD1B7}"
EndProject
Project("{8BC9CEB8-8B4A-11D0-8D11-00A0C91BC942}") = "Triple sum", "Triple sum\Triple sum.vcxproj", "{E2C3CBEA-D243-4DFB-B5E3-6F094435C839}"
EndProject
Project("{8BC9CEB8-8B4A-11D0-8D11-00A0C91BC942}") = "Minimum Time Required", "Minimum Time Required\Minimum Time Required.vcxproj", "{DAFED263-50C3-4EA1-9F51-45AE230739C5}"
EndProject
Project("{8BC9CEB8-8B4A-11D0-8D11-00A0C91BC942}") = "Maximum Subarray Sum", "Maximum Subarray Sum\Maximum Subarray Sum.vcxproj", "{845A5A01-9764-4AD0-817F-D55A88D6B24C}"
EndProject
Global
	GlobalSection(SolutionConfigurationPlatforms) = preSolution
		Debug|x64 = Debug|x64
		Debug|x86 = Debug|x86
		Release|x64 = Release|x64
		Release|x86 = Release|x86
	EndGlobalSection
	GlobalSection(ProjectConfigurationPlatforms) = postSolution
		{9D771281-50A3-412C-B77B-74930E289258}.Debug|x64.ActiveCfg = Debug|x64
		{9D771281-50A3-412C-B77B-74930E289258}.Debug|x64.Build.0 = Debug|x64
		{9D771281-50A3-412C-B77B-74930E289258}.Debug|x86.ActiveCfg = Debug|Win32
		{9D771281-50A3-412C-B77B-74930E289258}.Debug|x86.Build.0 = Debug|Win32
		{9D771281-50A3-412C-B77B-74930E289258}.Release|x64.ActiveCfg = Release|x64
		{9D771281-50A3-412C-B77B-74930E289258}.Release|x64.Build.0 = Release|x64
		{9D771281-50A3-412C-B77B-74930E289258}.Release|x86.ActiveCfg = Release|Win32
		{9D771281-50A3-412C-B77B-74930E289258}.Release|x86.Build.0 = Release|Win32
		{C7101DEF-5C1F-4D3D-A475-595EEB81E4CC}.Debug|x64.ActiveCfg = Debug|x64
		{C7101DEF-5C1F-4D3D-A475-595EEB81E4CC}.Debug|x64.Build.0 = Debug|x64
		{C7101DEF-5C1F-4D3D-A475-595EEB81E4CC}.Debug|x86.ActiveCfg = Debug|Win32
		{C7101DEF-5C1F-4D3D-A475-595EEB81E4CC}.Debug|x86.Build.0 = Debug|Win32
		{C7101DEF-5C1F-4D3D-A475-595EEB81E4CC}.Release|x64.ActiveCfg = Release|x64
		{C7101DEF-5C1F-4D3D-A475-595EEB81E4CC}.Release|x64.Build.0 = Release|x64
		{C7101DEF-5C1F-4D3D-A475-595EEB81E4CC}.Release|x86.ActiveCfg = Release|Win32
		{C7101DEF-5C1F-4D3D-A475-595EEB81E4CC}.Release|x86.Build.0 = Release|Win32
		{0D836142-28B6-4F77-91DB-0B8E79FAA7A2}.Debug|x64.ActiveCfg = Debug|x64
		{0D836142-28B6-4F77-91DB-0B8E79FAA7A2}.Debug|x64.Build.0 = Debug|x64
		{0D836142-28B6-4F77-91DB-0B8E79FAA7A2}.Debug|x86.ActiveCfg = Debug|Win32
		{0D836142-28B6-4F77-91DB-0B8E79FAA7A2}.Debug|x86.Build.0 = Debug|Win32
		{0D836142-28B6-4F77-91DB-0B8E79FAA7A2}.Release|x64.ActiveCfg = Release|x64
		{0D836142-28B6-4F77-91DB-0B8E79FAA7A2}.Release|x64.Build.0 = Release|x64
		{0D836142-28B6-4F77-91DB-0B8E79FAA7A2}.Release|x86.ActiveCfg = Release|Win32
		{0D836142-28B6-4F77-91DB-0B8E79FAA7A2}.Release|x86.Build.0 = Release|Win32
		{D8B90EB6-B0EF-496D-91E8-C8EBBFA77E78}.Debug|x64.ActiveCfg = Debug|x64
		{D8B90EB6-B0EF-496D-91E8-C8EBBFA77E78}.Debug|x64.Build.0 = Debug|x64
		{D8B90EB6-B0EF-496D-91E8-C8EBBFA77E78}.Debug|x86.ActiveCfg = Debug|Win32
		{D8B90EB6-B0EF-496D-91E8-C8EBBFA77E78}.Debug|x86.Build.0 = Debug|Win32
		{D8B90EB6-B0EF-496D-91E8-C8EBBFA77E78}.Release|x64.ActiveCfg = Release|x64
		{D8B90EB6-B0EF-496D-91E8-C8EBBFA77E78}.Release|x64.Build.0 = Release|x64
		{D8B90EB6-B0EF-496D-91E8-C8EBBFA77E78}.Release|x86.ActiveCfg = Release|Win32
		{D8B90EB6-B0EF-496D-91E8-C8EBBFA77E78}.Release|x86.Build.0 = Release|Win32
		{75D03749-895A-49DD-A1CA-20F03F27CF63}.Debug|x64.ActiveCfg = Debug|x64
		{75D03749-895A-49DD-A1CA-20F03F27CF63}.Debug|x64.Build.0 = Debug|x64
		{75D03749-895A-49DD-A1CA-20F03F27CF63}.Debug|x86.ActiveCfg = Debug|Win32
		{75D03749-895A-49DD-A1CA-20F03F27CF63}.Debug|x86.Build.0 = Debug|Win32
		{75D03749-895A-49DD-A1CA-20F03F27CF63}.Release|x64.ActiveCfg = Release|x64
		{75D03749-895A-49DD-A1CA-20F03F27CF63}.Release|x64.Build.0 = Release|x64
		{75D03749-895A-49DD-A1CA-20F03F27CF63}.Release|x86.ActiveCfg = Release|Win32
		{75D03749-895A-49DD-A1CA-20F03F27CF63}.Release|x86.Build.0 = Release|Win32
		{EE7E50EC-AF46-49DC-BD53-61756F0B3C07}.Debug|x64.ActiveCfg = Debug|x64
		{EE7E50EC-AF46-49DC-BD53-61756F0B3C07}.Debug|x64.Build.0 = Debug|x64
		{EE7E50EC-AF46-49DC-BD53-61756F0B3C07}.Debug|x86.ActiveCfg = Debug|Win32
		{EE7E50EC-AF46-49DC-BD53-61756F0B3C07}.Debug|x86.Build.0 = Debug|Win32
		{EE7E50EC-AF46-49DC-BD53-61756F0B3C07}.Release|x64.ActiveCfg = Release|x64
		{EE7E50EC-AF46-49DC-BD53-61756F0B3C07}.Release|x64.Build.0 = Release|x64
		{EE7E50EC-AF46-49DC-BD53-61756F0B3C07}.Release|x86.ActiveCfg = Release|Win32
		{EE7E50EC-AF46-49DC-BD53-61756F0B3C07}.Release|x86.Build.0 = Release|Win32
		{3B9F16B7-54EB-4536-8555-D7735B00FEA3}.Debug|x64.ActiveCfg = Debug|x64
		{3B9F16B7-54EB-4536-8555-D7735B00FEA3}.Debug|x64.Build.0 = Debug|x64
		{3B9F16B7-54EB-4536-8555-D7735B00FEA3}.Debug|x86.ActiveCfg = Debug|Win32
		{3B9F16B7-54EB-4536-8555-D7735B00FEA3}.Debug|x86.Build.0 = Debug|Win32
		{3B9F16B7-54EB-4536-8555-D7735B00FEA3}.Release|x64.ActiveCfg = Release|x64
		{3B9F16B7-54EB-4536-8555-D7735B00FEA3}.Release|x64.Build.0 = Release|x64
		{3B9F16B7-54EB-4536-8555-D7735B00FEA3}.Release|x86.ActiveCfg = Release|Win32
		{3B9F16B7-54EB-4536-8555-D7735B00FEA3}.Release|x86.Build.0 = Release|Win32
		{0F875018-5B8C-496D-BA83-418BC89FACD5}.Debug|x64.ActiveCfg = Debug|x64
		{0F875018-5B8C-496D-BA83-418BC89FACD5}.Debug|x64.Build.0 = Debug|x64
		{0F875018-5B8C-496D-BA83-418BC89FACD5}.Debug|x86.ActiveCfg = Debug|Win32
		{0F875018-5B8C-496D-BA83-418BC89FACD5}.Debug|x86.Build.0 = Debug|Win32
		{0F875018-5B8C-496D-BA83-418BC89FACD5}.Release|x64.ActiveCfg = Release|x64
		{0F875018-5B8C-496D-BA83-418BC89FACD5}.Release|x64.Build.0 = Release|x64
		{0F875018-5B8C-496D-BA83-418BC89FACD5}.Release|x86.ActiveCfg = Release|Win32
		{0F875018-5B8C-496D-BA83-418BC89FACD5}.Release|x86.Build.0 = Release|Win32
		{4A14975D-8B06-40AB-A057-9F556D4DAE93}.Debug|x64.ActiveCfg = Debug|x64
		{4A14975D-8B06-40AB-A057-9F556D4DAE93}.Debug|x64.Build.0 = Debug|x64
		{4A14975D-8B06-40AB-A057-9F556D4DAE93}.Debug|x86.ActiveCfg = Debug|Win32
		{4A14975D-8B06-40AB-A057-9F556D4DAE93}.Debug|x86.Build.0 = Debug|Win32
		{4A14975D-8B06-40AB-A057-9F556D4DAE93}.Release|x64.ActiveCfg = Release|x64
		{4A14975D-8B06-40AB-A057-9F556D4DAE93}.Release|x64.Build.0 = Release|x64
		{4A14975D-8B06-40AB-A057-9F556D4DAE93}.Release|x86.ActiveCfg = Release|Win32
		{4A14975D-8B06-40AB-A057-9F556D4DAE93}.Release|x86.Build.0 = Release|Win32
		{1F8BF6CE-F3D0-4552-AC6E-ED01B4878CF1}.Debug|x64.ActiveCfg = Debug|x64
		{1F8BF6CE-F3D0-4552-AC6E-ED01B4878CF1}.Debug|x64.Build.0 = Debug|x64
		{1F8BF6CE-F3D0-4552-AC6E-ED01B4878CF1}.Debug|x86.ActiveCfg = Debug|Win32
		{1F8BF6CE-F3D0-4552-AC6E-ED01B4878CF1}.Debug|x86.Build.0 = Debug|Win32
		{1F8BF6CE-F3D0-4552-AC6E-ED01B4878CF1}.Release|x64.ActiveCfg = Release|x64
		{1F8BF6CE-F3D0-4552-AC6E-ED01B4878CF1}.Release|x64.Build.0 = Release|x64
		{1F8BF6CE-F3D0-4552-AC6E-ED01B4878CF1}.Release|x86.ActiveCfg = Release|Win32
		{1F8BF6CE-F3D0-4552-AC6E-ED01B4878CF1}.Release|x86.Build.0 = Release|Win32
		{158EF76F-EC99-4517-BA47-31983D5CEFF9}.Debug|x64.ActiveCfg = Debug|x64
		{158EF76F-EC99-4517-BA47-31983D5CEFF9}.Debug|x64.Build.0 = Debug|x64
		{158EF76F-EC99-4517-BA47-31983D5CEFF9}.Debug|x86.ActiveCfg = Debug|Win32
		{158EF76F-EC99-4517-BA47-31983D5CEFF9}.Debug|x86.Build.0 = Debug|Win32
		{158EF76F-EC99-4517-BA47-31983D5CEFF9}.Release|x64.ActiveCfg = Release|x64
		{158EF76F-EC99-4517-BA47-31983D5CEFF9}.Release|x64.Build.0 = Release|x64
		{158EF76F-EC99-4517-BA47-31983D5CEFF9}.Release|x86.ActiveCfg = Release|Win32
		{158EF76F-EC99-4517-BA47-31983D5CEFF9}.Release|x86.Build.0 = Release|Win32
		{50C7A66D-9155-4ED6-92E0-6C0675A7AF0E}.Debug|x64.ActiveCfg = Debug|x64
		{50C7A66D-9155-4ED6-92E0-6C0675A7AF0E}.Debug|x64.Build.0 = Debug|x64
		{50C7A66D-9155-4ED6-92E0-6C0675A7AF0E}.Debug|x86.ActiveCfg = Debug|Win32
		{50C7A66D-9155-4ED6-92E0-6C0675A7AF0E}.Debug|x86.Build.0 = Debug|Win32
		{50C7A66D-9155-4ED6-92E0-6C0675A7AF0E}.Release|x64.ActiveCfg = Release|x64
		{50C7A66D-9155-4ED6-92E0-6C0675A7AF0E}.Release|x64.Build.0 = Release|x64
		{50C7A66D-9155-4ED6-92E0-6C0675A7AF0E}.Release|x86.ActiveCfg = Release|Win32
		{50C7A66D-9155-4ED6-92E0-6C0675A7AF0E}.Release|x86.Build.0 = Release|Win32
		{362F7725-F1B7-4484-88B6-93094DFB03F1}.Debug|x64.ActiveCfg = Debug|x64
		{362F7725-F1B7-4484-88B6-93094DFB03F1}.Debug|x64.Build.0 = Debug|x64
		{362F7725-F1B7-4484-88B6-93094DFB03F1}.Debug|x86.ActiveCfg = Debug|Win32
		{362F7725-F1B7-4484-88B6-93094DFB03F1}.Debug|x86.Build.0 = Debug|Win32
		{362F7725-F1B7-4484-88B6-93094DFB03F1}.Release|x64.ActiveCfg = Release|x64
		{362F7725-F1B7-4484-88B6-93094DFB03F1}.Release|x64.Build.0 = Release|x64
		{362F7725-F1B7-4484-88B6-93094DFB03F1}.Release|x86.ActiveCfg = Release|Win32
		{362F7725-F1B7-4484-88B6-93094DFB03F1}.Release|x86.Build.0 = Release|Win32
		{58AA0547-2206-4E8E-9FFA-BB663A59CF4F}.Debug|x64.ActiveCfg = Debug|x64
		{58AA0547-2206-4E8E-9FFA-BB663A59CF4F}.Debug|x64.Build.0 = Debug|x64
		{58AA0547-2206-4E8E-9FFA-BB663A59CF4F}.Debug|x86.ActiveCfg = Debug|Win32
		{58AA0547-2206-4E8E-9FFA-BB663A59CF4F}.Debug|x86.Build.0 = Debug|Win32
		{58AA0547-2206-4E8E-9FFA-BB663A59CF4F}.Release|x64.ActiveCfg = Release|x64
		{58AA0547-2206-4E8E-9FFA-BB663A59CF4F}.Release|x64.Build.0 = Release|x64
		{58AA0547-2206-4E8E-9FFA-BB663A59CF4F}.Release|x86.ActiveCfg = Release|Win32
		{58AA0547-2206-4E8E-9FFA-BB663A59CF4F}.Release|x86.Build.0 = Release|Win32
		{B01EF68C-7568-4EBF-8A47-47FF2B750466}.Debug|x64.ActiveCfg = Debug|x64
		{B01EF68C-7568-4EBF-8A47-47FF2B750466}.Debug|x64.Build.0 = Debug|x64
		{B01EF68C-7568-4EBF-8A47-47FF2B750466}.Debug|x86.ActiveCfg = Debug|Win32
		{B01EF68C-7568-4EBF-8A47-47FF2B750466}.Debug|x86.Build.0 = Debug|Win32
		{B01EF68C-7568-4EBF-8A47-47FF2B750466}.Release|x64.ActiveCfg = Release|x64
		{B01EF68C-7568-4EBF-8A47-47FF2B750466}.Release|x64.Build.0 = Release|x64
		{B01EF68C-7568-4EBF-8A47-47FF2B750466}.Release|x86.ActiveCfg = Release|Win32
		{B01EF68C-7568-4EBF-8A47-47FF2B750466}.Release|x86.Build.0 = Release|Win32
		{7F543D35-0FAF-4BCA-B68E-891C5CBDD482}.Debug|x64.ActiveCfg = Debug|x64
		{7F543D35-0FAF-4BCA-B68E-891C5CBDD482}.Debug|x64.Build.0 = Debug|x64
		{7F543D35-0FAF-4BCA-B68E-891C5CBDD482}.Debug|x86.ActiveCfg = Debug|Win32
		{7F543D35-0FAF-4BCA-B68E-891C5CBDD482}.Debug|x86.Build.0 = Debug|Win32
		{7F543D35-0FAF-4BCA-B68E-891C5CBDD482}.Release|x64.ActiveCfg = Release|x64
		{7F543D35-0FAF-4BCA-B68E-891C5CBDD482}.Release|x64.Build.0 = Release|x64
		{7F543D35-0FAF-4BCA-B68E-891C5CBDD482}.Release|x86.ActiveCfg = Release|Win32
		{7F543D35-0FAF-4BCA-B68E-891C5CBDD482}.Release|x86.Build.0 = Release|Win32
		{5F35B171-3B98-4487-AB8A-385360036201}.Debug|x64.ActiveCfg = Debug|x64
		{5F35B171-3B98-4487-AB8A-385360036201}.Debug|x64.Build.0 = Debug|x64
		{5F35B171-3B98-4487-AB8A-385360036201}.Debug|x86.ActiveCfg = Debug|Win32
		{5F35B171-3B98-4487-AB8A-385360036201}.Debug|x86.Build.0 = Debug|Win32
		{5F35B171-3B98-4487-AB8A-385360036201}.Release|x64.ActiveCfg = Release|x64
		{5F35B171-3B98-4487-AB8A-385360036201}.Release|x64.Build.0 = Release|x64
		{5F35B171-3B98-4487-AB8A-385360036201}.Release|x86.ActiveCfg = Release|Win32
		{5F35B171-3B98-4487-AB8A-385360036201}.Release|x86.Build.0 = Release|Win32
		{28CF665F-4EF2-4644-A61C-40FBFEA1F76A}.Debug|x64.ActiveCfg = Debug|x64
		{28CF665F-4EF2-4644-A61C-40FBFEA1F76A}.Debug|x64.Build.0 = Debug|x64
		{28CF665F-4EF2-4644-A61C-40FBFEA1F76A}.Debug|x86.ActiveCfg = Debug|Win32
		{28CF665F-4EF2-4644-A61C-40FBFEA1F76A}.Debug|x86.Build.0 = Debug|Win32
		{28CF665F-4EF2-4644-A61C-40FBFEA1F76A}.Release|x64.ActiveCfg = Release|x64
		{28CF665F-4EF2-4644-A61C-40FBFEA1F76A}.Release|x64.Build.0 = Release|x64
		{28CF665F-4EF2-4644-A61C-40FBFEA1F76A}.Release|x86.ActiveCfg = Release|Win32
		{28CF665F-4EF2-4644-A61C-40FBFEA1F76A}.Release|x86.Build.0 = Release|Win32
		{75BE8BCD-E8B2-425C-A5BA-514724086B4C}.Debug|x64.ActiveCfg = Debug|x64
		{75BE8BCD-E8B2-425C-A5BA-514724086B4C}.Debug|x64.Build.0 = Debug|x64
		{75BE8BCD-E8B2-425C-A5BA-514724086B4C}.Debug|x86.ActiveCfg = Debug|Win32
		{75BE8BCD-E8B2-425C-A5BA-514724086B4C}.Debug|x86.Build.0 = Debug|Win32
		{75BE8BCD-E8B2-425C-A5BA-514724086B4C}.Release|x64.ActiveCfg = Release|x64
		{75BE8BCD-E8B2-425C-A5BA-514724086B4C}.Release|x64.Build.0 = Release|x64
		{75BE8BCD-E8B2-425C-A5BA-514724086B4C}.Release|x86.ActiveCfg = Release|Win32
		{75BE8BCD-E8B2-425C-A5BA-514724086B4C}.Release|x86.Build.0 = Release|Win32
		{8945F36A-C2C1-4E62-B32B-33A7BD5104B6}.Debug|x64.ActiveCfg = Debug|x64
		{8945F36A-C2C1-4E62-B32B-33A7BD5104B6}.Debug|x64.Build.0 = Debug|x64
		{8945F36A-C2C1-4E62-B32B-33A7BD5104B6}.Debug|x86.ActiveCfg = Debug|Win32
		{8945F36A-C2C1-4E62-B32B-33A7BD5104B6}.Debug|x86.Build.0 = Debug|Win32
		{8945F36A-C2C1-4E62-B32B-33A7BD5104B6}.Release|x64.ActiveCfg = Release|x64
		{8945F36A-C2C1-4E62-B32B-33A7BD5104B6}.Release|x64.Build.0 = Release|x64
		{8945F36A-C2C1-4E62-B32B-33A7BD5104B6}.Release|x86.ActiveCfg = Release|Win32
		{8945F36A-C2C1-4E62-B32B-33A7BD5104B6}.Release|x86.Build.0 = Release|Win32
		{BCB91185-6322-49C2-BD6A-7FE99A1D8116}.Debug|x64.ActiveCfg = Debug|x64
		{BCB91185-6322-49C2-BD6A-7FE99A1D8116}.Debug|x64.Build.0 = Debug|x64
		{BCB91185-6322-49C2-BD6A-7FE99A1D8116}.Debug|x86.ActiveCfg = Debug|Win32
		{BCB91185-6322-49C2-BD6A-7FE99A1D8116}.Debug|x86.Build.0 = Debug|Win32
		{BCB91185-6322-49C2-BD6A-7FE99A1D8116}.Release|x64.ActiveCfg = Release|x64
		{BCB91185-6322-49C2-BD6A-7FE99A1D8116}.Release|x64.Build.0 = Release|x64
		{BCB91185-6322-49C2-BD6A-7FE99A1D8116}.Release|x86.ActiveCfg = Release|Win32
		{BCB91185-6322-49C2-BD6A-7FE99A1D8116}.Release|x86.Build.0 = Release|Win32
		{67546396-B834-415A-8230-4A9D417DD1B7}.Debug|x64.ActiveCfg = Debug|x64
		{67546396-B834-415A-8230-4A9D417DD1B7}.Debug|x64.Build.0 = Debug|x64
		{67546396-B834-415A-8230-4A9D417DD1B7}.Debug|x86.ActiveCfg = Debug|Win32
		{67546396-B834-415A-8230-4A9D417DD1B7}.Debug|x86.Build.0 = Debug|Win32
		{67546396-B834-415A-8230-4A9D417DD1B7}.Release|x64.ActiveCfg = Release|x64
		{67546396-B834-415A-8230-4A9D417DD1B7}.Release|x64.Build.0 = Release|x64
		{67546396-B834-415A-8230-4A9D417DD1B7}.Release|x86.ActiveCfg = Release|Win32
		{67546396-B834-415A-8230-4A9D417DD1B7}.Release|x86.Build.0 = Release|Win32
		{E2C3CBEA-D243-4DFB-B5E3-6F094435C839}.Debug|x64.ActiveCfg = Debug|x64
		{E2C3CBEA-D243-4DFB-B5E3-6F094435C839}.Debug|x64.Build.0 = Debug|x64
		{E2C3CBEA-D243-4DFB-B5E3-6F094435C839}.Debug|x86.ActiveCfg = Debug|Win32
		{E2C3CBEA-D243-4DFB-B5E3-6F094435C839}.Debug|x86.Build.0 = Debug|Win32
		{E2C3CBEA-D243-4DFB-B5E3-6F094435C839}.Release|x64.ActiveCfg = Release|x64
		{E2C3CBEA-D243-4DFB-B5E3-6F094435C839}.Release|x64.Build.0 = Release|x64
		{E2C3CBEA-D243-4DFB-B5E3-6F094435C839}.Release|x86.ActiveCfg = Release|Win32
		{E2C3CBEA-D243-4DFB-B5E3-6F094435C839}.Release|x86.Build.0 = Release|Win32
		{DAFED263-50C3-4EA1-9F51-45AE230739C5}.Debug|x64.ActiveCfg = Debug|x64
		{DAFED263-50C3-4EA1-9F51-45AE230739C5}.Debug|x64.Build.0 = Debug|x64
		{DAFED263-50C3-4EA1-9F51-45AE230739C5}.Debug|x86.ActiveCfg = Debug|Win32
		{DAFED263-50C3-4EA1-9F51-45AE230739C5}.Debug|x86.Build.0 = Debug|Win32
		{DAFED263-50C3-4EA1-9F51-45AE230739C5}.Release|x64.ActiveCfg = Release|x64
		{DAFED263-50C3-4EA1-9F51-45AE230739C5}.Release|x64.Build.0 = Release|x64
		{DAFED263-50C3-4EA1-9F51-45AE230739C5}.Release|x86.ActiveCfg = Release|Win32
		{DAFED263-50C3-4EA1-9F51-45AE230739C5}.Release|x86.Build.0 = Release|Win32
		{845A5A01-9764-4AD0-817F-D55A88D6B24C}.Debug|x64.ActiveCfg = Debug|x64
		{845A5A01-9764-4AD0-817F-D55A88D6B24C}.Debug|x64.Build.0 = Debug|x64
		{845A5A01-9764-4AD0-817F-D55A88D6B24C}.Debug|x86.ActiveCfg = Debug|Win32
		{845A5A01-9764-4AD0-817F-D55A88D6B24C}.Debug|x86.Build.0 = Debug|Win32
		{845A5A01-9764-4AD0-817F-D55A88D6B24C}.Release|x64.ActiveCfg = Release|x64
		{845A5A01-9764-4AD0-817F-D55A88D6B24C}.Release|x64.Build.0 = Release|x64
		{845A5A01-9764-4AD0-817F-D55A88D6B24C}.Release|x86.ActiveCfg = Release|Win32
		{845A5A01-9764-4AD0-817F-D55A88D6B24C}.Release|x86.Build.0 = Release|Win32
	EndGlobalSection
	GlobalSection(SolutionProperties) = preSolution
		HideSolutionNode = FALSE
	EndGlobalSection
	GlobalSection(ExtensibilityGlobals) = postSolution
		SolutionGuid = {2232F38E-959D-45A3-B79D-A9AFB29FEC36}
	EndGlobalSection
EndGlobal
