
Microsoft Visual Studio Solution File, Format Version 12.00
# Visual Studio 15
VisualStudioVersion = 15.0.28010.2016
MinimumVisualStudioVersion = 10.0.40219.1
Project("{8BC9CEB8-8B4A-11D0-8D11-00A0C91BC942}") = "Count Triplets", "Count Triplets\Count Triplets.vcxproj", "{9D771281-50A3-412C-B77B-74930E289258}"
EndProject
Project("{8BC9CEB8-8B4A-11D0-8D11-00A0C91BC942}") = "Frequency Queries", "Frequency Queries\Frequency Queries.vcxproj", "{C7101DEF-5C1F-4D3D-A475-595EEB81E4CC}"
EndProject
Project("{8BC9CEB8-8B4A-11D0-8D11-00A0C91BC942}") = "Sorting, Bubble Sort", "Sorting, Bubble Sort\Sorting, Bubble Sort.vcxproj", "{0D836142-28B6-4F77-91DB-0B8E79FAA7A2}"
EndProject
Project("{8BC9CEB8-8B4A-11D0-8D11-00A0C91BC942}") = "Mark and Toys", "Mark and Toys\Mark and Toys.vcxproj", "{D8B90EB6-B0EF-496D-91E8-C8EBBFA77E78}"
EndProject
Project("{8BC9CEB8-8B4A-11D0-8D11-00A0C91BC942}") = "Sorting, Comparator", "Sorting, Comparator\Sorting, Comparator.vcxproj", "{75D03749-895A-49DD-A1CA-20F03F27CF63}"
EndProject
Project("{8BC9CEB8-8B4A-11D0-8D11-00A0C91BC942}") = "Fraudulent Activity Notifications", "Fraudulent Activity Notifications\Fraudulent Activity Notifications.vcxproj", "{EE7E50EC-AF46-49DC-BD53-61756F0B3C07}"
EndProject
Project("{8BC9CEB8-8B4A-11D0-8D11-00A0C91BC942}") = "Merge Sort Counting Inversions", "Merge Sort Counting Inversions\Merge Sort Counting Inversions.vcxproj", "{3B9F16B7-54EB-4536-8555-D7735B00FEA3}"
EndProject
Project("{8BC9CEB8-8B4A-11D0-8D11-00A0C91BC942}") = "Strings Making Anagrams", "Strings Making Anagrams\Strings Making Anagrams.vcxproj", "{0F875018-5B8C-496D-BA83-418BC89FACD5}"
EndProject
Project("{8BC9CEB8-8B4A-11D0-8D11-00A0C91BC942}") = "Alternating Characters", "Alternating Characters\Alternating Characters.vcxproj", "{4A14975D-8B06-40AB-A057-9F556D4DAE93}"
EndProject
Project("{8BC9CEB8-8B4A-11D0-8D11-00A0C91BC942}") = "Sherlock and the Valid String", "Sherlock and the Valid String\Sherlock and the Valid String.vcxproj", "{1F8BF6CE-F3D0-4552-AC6E-ED01B4878CF1}"
EndProject
Project("{8BC9CEB8-8B4A-11D0-8D11-00A0C91BC942}") = "Special Palindrome Again", "Special Palindrome Again\Special Palindrome Again.vcxproj", "{158EF76F-EC99-4517-BA47-31983D5CEFF9}"
EndProject
Project("{8BC9CEB8-8B4A-11D0-8D11-00A0C91BC942}") = "Jumping on the Clouds", "Jumping on the Clouds\Jumping on the Clouds.vcxproj", "{50C7A66D-9155-4ED6-92E0-6C0675A7AF0E}"
EndProject
Project("{8BC9CEB8-8B4A-11D0-8D11-00A0C91BC942}") = "Repeated String", "Repeated String\Repeated String.vcxproj", "{362F7725-F1B7-4484-88B6-93094DFB03F1}"
EndProject
Project("{8BC9CEB8-8B4A-11D0-8D11-00A0C91BC942}") = "Common Child", "Common Child\Common Child.vcxproj", "{58AA0547-2206-4E8E-9FFA-BB663A59CF4F}"
EndProject
Project("{8BC9CEB8-8B4A-11D0-8D11-00A0C91BC942}") = "Minimum Absolute Difference in an Array", "Minimum Absolute Difference in an Array\Minimum Absolute Difference in an Array.vcxproj", "{B01EF68C-7568-4EBF-8A47-47FF2B750466}"
EndProject
Project("{8BC9CEB8-8B4A-11D0-8D11-00A0C91BC942}") = "Luck Balance", "Luck Balance\Luck Balance.vcxproj", "{7F543D35-0FAF-4BCA-B68E-891C5CBDD482}"
EndProject
Project("{8BC9CEB8-8B4A-11D0-8D11-00A0C91BC942}") = "Greedy Florist", "Greedy Florist\Greedy Florist.vcxproj", "{5F35B171-3B98-4487-AB8A-385360036201}"
EndProject
Project("{8BC9CEB8-8B4A-11D0-8D11-00A0C91BC942}") = "Max Min", "Max Min\Max Min.vcxproj", "{28CF665F-4EF2-4644-A61C-40FBFEA1F76A}"
EndProject
Project("{8BC9CEB8-8B4A-11D0-8D11-00A0C91BC942}") = "Reverse Shuffle Merge", "Reverse Shuffle Merge\Reverse Shuffle Merge.vcxproj", "{75BE8BCD-E8B2-425C-A5BA-514724086B4C}"
EndProject
Project("{8BC9CEB8-8B4A-11D0-8D11-00A0C91BC942}") = "Hash Tables Ice Cream Parlor", "Hash Tables Ice Cream Parlor\Hash Tables Ice Cream Parlor.vcxproj", "{8945F36A-C2C1-4E62-B32B-33A7BD5104B6}"
EndProject
Project("{8BC9CEB8-8B4A-11D0-8D11-00A0C91BC942}") = "Swap Nodes [Algo]", "Swap Nodes [Algo]\Swap Nodes [Algo].vcxproj", "{BCB91185-6322-49C2-BD6A-7FE99A1D8116}"
EndProject
Project("{8BC9CEB8-8B4A-11D0-8D11-00A0C91BC942}") = "Pairs", "Pairs\Pairs.vcxproj", "{67546396-B834-415A-8230-4A9D417DD1B7}"
EndProject
Project("{8BC9CEB8-8B4A-11D0-8D11-00A0C91BC942}") = "Triple sum", "Triple sum\Triple sum.vcxproj", "{E2C3CBEA-D243-4DFB-B5E3-6F094435C839}"
EndProject
Project("{8BC9CEB8-8B4A-11D0-8D11-00A0C91BC942}") = "Minimum Time Required", "Minimum Time Required\Minimum Time Required.vcxproj", "{DAFED263-50C3-4EA1-9F51-45AE230739C5}"
EndProject
Project("{8BC9CEB8-8B4A-11D0-8D11-00A0C91BC942}") = "Maximum Subarray Sum", "Maximum Subarray Sum\Maximum Subarray Sum.vcxproj", "{845A5A01-9764-4AD0-817F-D55A88D6B24C}"
EndProject
Project("{8BC9CEB8-8B4A-11D0-8D11-00A0C91BC942}") = "Max Array Sum", "Max Array Sum\Max Array Sum.vcxproj", "{F7D6184F-3A98-4D7D-A4EA-EE802D25730C}"
EndProject
Project("{8BC9CEB8-8B4A-11D0-8D11-00A0C91BC942}") = "Making Candies", "Making Candies\Making Candies.vcxproj", "{B062503A-6B92-4267-BADD-78EA6A431AD7}"
EndProject
Project("{8BC9CEB8-8B4A-11D0-8D11-00A0C91BC942}") = "Abbreviation", "Abbreviation\Abbreviation.vcxproj", "{6009C468-F007-4DCD-AC3E-42BEA6DA2085}"
EndProject
Project("{8BC9CEB8-8B4A-11D0-8D11-00A0C91BC942}") = "Candies", "Candies\Candies.vcxproj", "{9FCF0A84-CE51-4BA9-B8BA-50E34A108BB2}"
EndProject
Project("{8BC9CEB8-8B4A-11D0-8D11-00A0C91BC942}") = "Decibinary Numbers", "Decibinary Numbers\Decibinary Numbers.vcxproj", "{37FEC02A-39F1-4D33-B23D-FE89BD2F131D}"
EndProject
Project("{8BC9CEB8-8B4A-11D0-8D11-00A0C91BC942}") = "Balanced Brackets", "Balanced Brackets\Balanced Brackets.vcxproj", "{461E9644-038B-498C-9200-5E32BBC92260}"
EndProject
Project("{8BC9CEB8-8B4A-11D0-8D11-00A0C91BC942}") = "Queues A Tale of Two Stacks", "Queues A Tale of Two Stacks\Queues A Tale of Two Stacks.vcxproj", "{560E74D7-AE76-46DD-B19C-0461ECB85225}"
EndProject
Project("{8BC9CEB8-8B4A-11D0-8D11-00A0C91BC942}") = "Largest Rectangle", "Largest Rectangle\Largest Rectangle.vcxproj", "{6D082BB3-46A2-4902-8E7C-647CC19E2684}"
EndProject
Project("{8BC9CEB8-8B4A-11D0-8D11-00A0C91BC942}") = "Min Max Riddle", "Min Max Riddle\Min Max Riddle.vcxproj", "{4C13796C-BBF5-49E8-953A-7B54432B2C82}"
EndProject
Project("{8BC9CEB8-8B4A-11D0-8D11-00A0C91BC942}") = "Castle on the Grid", "Castle on the Grid\Castle on the Grid.vcxproj", "{D2297C7E-BB02-4254-AC4D-CEA5E064C597}"
EndProject
Project("{8BC9CEB8-8B4A-11D0-8D11-00A0C91BC942}") = "Poisonous Plants", "Poisonous Plants\Poisonous Plants.vcxproj", "{E07EA6A0-736F-4B15-BFD7-23F1E0168E4B}"
EndProject
Project("{8BC9CEB8-8B4A-11D0-8D11-00A0C91BC942}") = "Roads and Libraries", "Roads and Libraries\Roads and Libraries.vcxproj", "{5A158AF8-F4F4-46F1-B14E-DB6F9BE62159}"
EndProject
Project("{8BC9CEB8-8B4A-11D0-8D11-00A0C91BC942}") = "Find the nearest clone", "Find the nearest clone\Find the nearest clone.vcxproj", "{AAAE4A59-985D-4492-A64A-B6BAB35B829B}"
EndProject
Project("{8BC9CEB8-8B4A-11D0-8D11-00A0C91BC942}") = "BFS Shortest Reach in a Graph", "BFS Shortest Reach in a Graph\BFS Shortest Reach in a Graph.vcxproj", "{397BCFC3-BAC3-49D1-828E-CFFAAC206293}"
EndProject
Project("{8BC9CEB8-8B4A-11D0-8D11-00A0C91BC942}") = "DFS Connected Cell in a Grid", "DFS Connected Cell in a Grid\DFS Connected Cell in a Grid.vcxproj", "{A76766F5-D3D9-4FCA-83CD-82E8265BB766}"
EndProject
Project("{8BC9CEB8-8B4A-11D0-8D11-00A0C91BC942}") = "Matrix", "Matrix\Matrix.vcxproj", "{BFF86C18-E0B0-42A1-B913-322D9537FF1A}"
EndProject
Project("{8BC9CEB8-8B4A-11D0-8D11-00A0C91BC942}") = "Height of a Binary Tree", "Height of a Binary Tree\Height of a Binary Tree.vcxproj", "{97A5FA36-E239-4EAA-BCC6-8A0EA115BABC}"
EndProject
Project("{8BC9CEB8-8B4A-11D0-8D11-00A0C91BC942}") = "Lowest Common Ancestor", "Lowest Common Ancestor\Lowest Common Ancestor.vcxproj", "{E2796587-FD52-4931-9E27-EF9C25D46704}"
EndProject
Project("{8BC9CEB8-8B4A-11D0-8D11-00A0C91BC942}") = "Is This a Binary Search Tree", "Is This a Binary Search Tree\Is This a Binary Search Tree.vcxproj", "{DF8BD7BA-A855-4659-9503-734ABC3AC066}"
EndProject
Project("{8BC9CEB8-8B4A-11D0-8D11-00A0C91BC942}") = "Huffman Decoding", "Huffman Decoding\Huffman Decoding.vcxproj", "{46EC8C80-F55E-4887-B932-53F0859DF3B0}"
EndProject
Project("{8BC9CEB8-8B4A-11D0-8D11-00A0C91BC942}") = "Balanced Forest", "Balanced Forest\Balanced Forest.vcxproj", "{7C6AFAFA-605C-4BBE-A94E-3663722A0424}"
EndProject
Project("{8BC9CEB8-8B4A-11D0-8D11-00A0C91BC942}") = "Insert a node at a specific position", "Insert a node at a specific position\Insert a node at a specific position.vcxproj", "{3343EE40-0362-4590-838C-E090BB16BDFF}"
EndProject
Project("{8BC9CEB8-8B4A-11D0-8D11-00A0C91BC942}") = "Inserting a Node Into a Sorted Doubly Linked", "Inserting a Node Into a Sorted Doubly Linked\Inserting a Node Into a Sorted Doubly Linked.vcxproj", "{08506782-277D-43E5-936A-91ABA4566EA2}"
EndProject
Project("{8BC9CEB8-8B4A-11D0-8D11-00A0C91BC942}") = "Reverse a doubly linked list", "Reverse a doubly linked list\Reverse a doubly linked list.vcxproj", "{C019BA08-E8D5-410A-8C80-3118117693BC}"
EndProject
Project("{8BC9CEB8-8B4A-11D0-8D11-00A0C91BC942}") = "Find Merge Point of Two Lists", "Find Merge Point of Two Lists\Find Merge Point of Two Lists.vcxproj", "{540AD742-2D4F-4576-8358-7B25BAE470CC}"
EndProject
Project("{8BC9CEB8-8B4A-11D0-8D11-00A0C91BC942}") = "Detect a Cycle", "Detect a Cycle\Detect a Cycle.vcxproj", "{863FF1B9-B49B-4CCD-93BC-B6DC71E69E7A}"
EndProject
Project("{8BC9CEB8-8B4A-11D0-8D11-00A0C91BC942}") = "Fibonacci Numbers", "Fibonacci Numbers\Fibonacci Numbers.vcxproj", "{8AC2E7AD-35CB-41C0-AF3F-0C7E5ABAC529}"
EndProject
Project("{8BC9CEB8-8B4A-11D0-8D11-00A0C91BC942}") = "Davis' Staircase", "Davis' Staircase\Davis' Staircase.vcxproj", "{83D3E997-CF64-4D6D-AFAB-883FBB95F0E3}"
EndProject
Project("{8BC9CEB8-8B4A-11D0-8D11-00A0C91BC942}") = "Crossword Puzzle", "Crossword Puzzle\Crossword Puzzle.vcxproj", "{FFD06BD0-094D-4429-9ED1-B8D27F303748}"
EndProject
Project("{8BC9CEB8-8B4A-11D0-8D11-00A0C91BC942}") = "Forming a Magic Square", "Forming a Magic Square\Forming a Magic Square.vcxproj", "{44BC5A90-079D-4E5C-BE72-7FB4B3CFE281}"
EndProject
Project("{8BC9CEB8-8B4A-11D0-8D11-00A0C91BC942}") = "Magic Spells", "Magic Spells\Magic Spells.vcxproj", "{94398B34-91F8-444F-9A99-72F22A84692B}"
EndProject
Project("{8BC9CEB8-8B4A-11D0-8D11-00A0C91BC942}") = "Picking Numbers", "Picking Numbers\Picking Numbers.vcxproj", "{7AEF0C53-AAB9-4986-993C-2E9FA8177453}"
EndProject
Project("{8BC9CEB8-8B4A-11D0-8D11-00A0C91BC942}") = "C++ Class Templates", "C++ Class Templates\C++ Class Templates.vcxproj", "{82C32A0D-8BD4-4942-8D8F-E25230CA4F48}"
EndProject
Project("{8BC9CEB8-8B4A-11D0-8D11-00A0C91BC942}") = "Preprocessor Solution", "Preprocessor Solution\Preprocessor Solution.vcxproj", "{42554A07-B3BD-4B51-91CC-61B33606A3D8}"
EndProject
Project("{8BC9CEB8-8B4A-11D0-8D11-00A0C91BC942}") = "Operator Overloading", "Operator Overloading\Operator Overloading.vcxproj", "{EAD703F7-532A-47E4-806E-EF35461FE633}"
EndProject
Project("{8BC9CEB8-8B4A-11D0-8D11-00A0C91BC942}") = "Overload Operators", "Overload Operators\Overload Operators.vcxproj", "{1967475B-024A-49DC-8604-4FAD8D018DEC}"
EndProject
Project("{8BC9CEB8-8B4A-11D0-8D11-00A0C91BC942}") = "Attending Workshops", "Attending Workshops\Attending Workshops.vcxproj", "{5259A80F-9C61-436D-827A-1CB17A3BFCD2}"
EndProject
Project("{8BC9CEB8-8B4A-11D0-8D11-00A0C91BC942}") = "C++ Class Template Specialization", "C++ Class Template Specialization\C++ Class Template Specialization.vcxproj", "{C41741C5-C0CA-413F-9A25-FE3C7CF38EBA}"
EndProject
Project("{8BC9CEB8-8B4A-11D0-8D11-00A0C91BC942}") = "C++ Variadics", "C++ Variadics\C++ Variadics.vcxproj", "{23EC347C-676A-44B3-81D4-E4FBE0D7E08E}"
EndProject
Project("{8BC9CEB8-8B4A-11D0-8D11-00A0C91BC942}") = "Bit Array", "Bit Array\Bit Array.vcxproj", "{62F825F9-9DE3-4F83-B5A0-1BCAC9E436C6}"
EndProject
Project("{8BC9CEB8-8B4A-11D0-8D11-00A0C91BC942}") = "1D Arrays in C", "1D Arrays in C\1D Arrays in C.vcxproj", "{365C723C-8835-4C52-B63B-E842D1AF6443}"
EndProject
Project("{8BC9CEB8-8B4A-11D0-8D11-00A0C91BC942}") = "Array Reversal", "Array Reversal\Array Reversal.vcxproj", "{4D73E719-4ABC-4532-A8D7-D229D6434CB7}"
EndProject
Project("{8BC9CEB8-8B4A-11D0-8D11-00A0C91BC942}") = "Printing Tokens", "Printing Tokens\Printing Tokens.vcxproj", "{DA34EF44-F1EF-42F0-9641-076C4CFC8A21}"
EndProject
Project("{8BC9CEB8-8B4A-11D0-8D11-00A0C91BC942}") = "Digit Frequency", "Digit Frequency\Digit Frequency.vcxproj", "{08646D24-CD4C-4BEA-BBF4-4C6A69444C4A}"
EndProject
Project("{8BC9CEB8-8B4A-11D0-8D11-00A0C91BC942}") = "Dynamic Array in C", "Dynamic Array in C\Dynamic Array in C.vcxproj", "{4E1D7F1C-8FC1-4DB6-8C15-01EC19982F78}"
EndProject
Project("{8BC9CEB8-8B4A-11D0-8D11-00A0C91BC942}") = "Sorting Array of Strings", "Sorting Array of Strings\Sorting Array of Strings.vcxproj", "{F8E9FD31-EBE6-4732-A521-A1689430B2A9}"
EndProject
Project("{8BC9CEB8-8B4A-11D0-8D11-00A0C91BC942}") = "Save the Prisoner!", "Save the Prisoner!\Save the Prisoner!.vcxproj", "{BA3150C1-66D2-443F-84B8-C2D2CD2CB069}"
EndProject
Project("{888888A0-9F3D-457C-B088-3A5042F75D52}") = "Say Hello, World With Python", "Say Hello, World With Python\Say Hello, World With Python.pyproj", "{E2FBD0CE-0CA6-4EB5-B317-58CD595F4E54}"
EndProject
Project("{888888A0-9F3D-457C-B088-3A5042F75D52}") = "Python If-Else", "Python If-Else\Python If-Else.pyproj", "{A204DD88-984F-47C7-A725-951E04831DE7}"
EndProject
Project("{888888A0-9F3D-457C-B088-3A5042F75D52}") = "Arithmetic Operators", "Arithmetic Operators\Arithmetic Operators.pyproj", "{4452D190-759F-49C2-BC41-35A8CA36BC85}"
EndProject
Project("{888888A0-9F3D-457C-B088-3A5042F75D52}") = "Python Division", "Python Division\Python Division.pyproj", "{C6119218-4BB4-40AD-B6BC-599D939BB4BA}"
EndProject
Project("{888888A0-9F3D-457C-B088-3A5042F75D52}") = "Loops", "Loops\Loops.pyproj", "{8F635812-73EE-4984-AA3A-213963734150}"
EndProject
Project("{888888A0-9F3D-457C-B088-3A5042F75D52}") = "Write a function", "Write a function\Write a function.pyproj", "{5F78E96B-2E13-49C1-B1AB-DEC6C537111D}"
EndProject
Project("{888888A0-9F3D-457C-B088-3A5042F75D52}") = "Print Function", "Print Function\Print Function.pyproj", "{F55F225A-1AF7-405A-ABE2-6CD17BDD3DA1}"
EndProject
Project("{888888A0-9F3D-457C-B088-3A5042F75D52}") = "Polynomials", "Polynomials\Polynomials.pyproj", "{AFABD031-C2DA-49BC-85F6-645991BAB9EF}"
EndProject
Project("{888888A0-9F3D-457C-B088-3A5042F75D52}") = "Linear Algebra", "Linear Algebra\Linear Algebra.pyproj", "{14B4FE0D-0F39-4EE4-A762-62DC90FA2F3A}"
EndProject
Project("{888888A0-9F3D-457C-B088-3A5042F75D52}") = "Check Strict Superset", "Check Strict Superset\Check Strict Superset.pyproj", "{C618E4B5-D851-413A-966B-0A20261071B9}"
EndProject
Project("{888888A0-9F3D-457C-B088-3A5042F75D52}") = "Alphabet Rangoli", "Alphabet Rangoli\Alphabet Rangoli.pyproj", "{8796F9E0-CAF0-4918-AF82-7418C5A02CC9}"
EndProject
Global
	GlobalSection(SolutionConfigurationPlatforms) = preSolution
		Debug|Any CPU = Debug|Any CPU
		Debug|x64 = Debug|x64
		Debug|x86 = Debug|x86
		Release|Any CPU = Release|Any CPU
		Release|x64 = Release|x64
		Release|x86 = Release|x86
	EndGlobalSection
	GlobalSection(ProjectConfigurationPlatforms) = postSolution
		{9D771281-50A3-412C-B77B-74930E289258}.Debug|Any CPU.ActiveCfg = Debug|Win32
		{9D771281-50A3-412C-B77B-74930E289258}.Debug|x64.ActiveCfg = Debug|x64
		{9D771281-50A3-412C-B77B-74930E289258}.Debug|x64.Build.0 = Debug|x64
		{9D771281-50A3-412C-B77B-74930E289258}.Debug|x86.ActiveCfg = Debug|Win32
		{9D771281-50A3-412C-B77B-74930E289258}.Debug|x86.Build.0 = Debug|Win32
		{9D771281-50A3-412C-B77B-74930E289258}.Release|Any CPU.ActiveCfg = Release|Win32
		{9D771281-50A3-412C-B77B-74930E289258}.Release|x64.ActiveCfg = Release|x64
		{9D771281-50A3-412C-B77B-74930E289258}.Release|x64.Build.0 = Release|x64
		{9D771281-50A3-412C-B77B-74930E289258}.Release|x86.ActiveCfg = Release|Win32
		{9D771281-50A3-412C-B77B-74930E289258}.Release|x86.Build.0 = Release|Win32
		{C7101DEF-5C1F-4D3D-A475-595EEB81E4CC}.Debug|Any CPU.ActiveCfg = Debug|Win32
		{C7101DEF-5C1F-4D3D-A475-595EEB81E4CC}.Debug|x64.ActiveCfg = Debug|x64
		{C7101DEF-5C1F-4D3D-A475-595EEB81E4CC}.Debug|x64.Build.0 = Debug|x64
		{C7101DEF-5C1F-4D3D-A475-595EEB81E4CC}.Debug|x86.ActiveCfg = Debug|Win32
		{C7101DEF-5C1F-4D3D-A475-595EEB81E4CC}.Debug|x86.Build.0 = Debug|Win32
		{C7101DEF-5C1F-4D3D-A475-595EEB81E4CC}.Release|Any CPU.ActiveCfg = Release|Win32
		{C7101DEF-5C1F-4D3D-A475-595EEB81E4CC}.Release|x64.ActiveCfg = Release|x64
		{C7101DEF-5C1F-4D3D-A475-595EEB81E4CC}.Release|x64.Build.0 = Release|x64
		{C7101DEF-5C1F-4D3D-A475-595EEB81E4CC}.Release|x86.ActiveCfg = Release|Win32
		{C7101DEF-5C1F-4D3D-A475-595EEB81E4CC}.Release|x86.Build.0 = Release|Win32
		{0D836142-28B6-4F77-91DB-0B8E79FAA7A2}.Debug|Any CPU.ActiveCfg = Debug|Win32
		{0D836142-28B6-4F77-91DB-0B8E79FAA7A2}.Debug|x64.ActiveCfg = Debug|x64
		{0D836142-28B6-4F77-91DB-0B8E79FAA7A2}.Debug|x64.Build.0 = Debug|x64
		{0D836142-28B6-4F77-91DB-0B8E79FAA7A2}.Debug|x86.ActiveCfg = Debug|Win32
		{0D836142-28B6-4F77-91DB-0B8E79FAA7A2}.Debug|x86.Build.0 = Debug|Win32
		{0D836142-28B6-4F77-91DB-0B8E79FAA7A2}.Release|Any CPU.ActiveCfg = Release|Win32
		{0D836142-28B6-4F77-91DB-0B8E79FAA7A2}.Release|x64.ActiveCfg = Release|x64
		{0D836142-28B6-4F77-91DB-0B8E79FAA7A2}.Release|x64.Build.0 = Release|x64
		{0D836142-28B6-4F77-91DB-0B8E79FAA7A2}.Release|x86.ActiveCfg = Release|Win32
		{0D836142-28B6-4F77-91DB-0B8E79FAA7A2}.Release|x86.Build.0 = Release|Win32
		{D8B90EB6-B0EF-496D-91E8-C8EBBFA77E78}.Debug|Any CPU.ActiveCfg = Debug|Win32
		{D8B90EB6-B0EF-496D-91E8-C8EBBFA77E78}.Debug|x64.ActiveCfg = Debug|x64
		{D8B90EB6-B0EF-496D-91E8-C8EBBFA77E78}.Debug|x64.Build.0 = Debug|x64
		{D8B90EB6-B0EF-496D-91E8-C8EBBFA77E78}.Debug|x86.ActiveCfg = Debug|Win32
		{D8B90EB6-B0EF-496D-91E8-C8EBBFA77E78}.Debug|x86.Build.0 = Debug|Win32
		{D8B90EB6-B0EF-496D-91E8-C8EBBFA77E78}.Release|Any CPU.ActiveCfg = Release|Win32
		{D8B90EB6-B0EF-496D-91E8-C8EBBFA77E78}.Release|x64.ActiveCfg = Release|x64
		{D8B90EB6-B0EF-496D-91E8-C8EBBFA77E78}.Release|x64.Build.0 = Release|x64
		{D8B90EB6-B0EF-496D-91E8-C8EBBFA77E78}.Release|x86.ActiveCfg = Release|Win32
		{D8B90EB6-B0EF-496D-91E8-C8EBBFA77E78}.Release|x86.Build.0 = Release|Win32
		{75D03749-895A-49DD-A1CA-20F03F27CF63}.Debug|Any CPU.ActiveCfg = Debug|Win32
		{75D03749-895A-49DD-A1CA-20F03F27CF63}.Debug|x64.ActiveCfg = Debug|x64
		{75D03749-895A-49DD-A1CA-20F03F27CF63}.Debug|x64.Build.0 = Debug|x64
		{75D03749-895A-49DD-A1CA-20F03F27CF63}.Debug|x86.ActiveCfg = Debug|Win32
		{75D03749-895A-49DD-A1CA-20F03F27CF63}.Debug|x86.Build.0 = Debug|Win32
		{75D03749-895A-49DD-A1CA-20F03F27CF63}.Release|Any CPU.ActiveCfg = Release|Win32
		{75D03749-895A-49DD-A1CA-20F03F27CF63}.Release|x64.ActiveCfg = Release|x64
		{75D03749-895A-49DD-A1CA-20F03F27CF63}.Release|x64.Build.0 = Release|x64
		{75D03749-895A-49DD-A1CA-20F03F27CF63}.Release|x86.ActiveCfg = Release|Win32
		{75D03749-895A-49DD-A1CA-20F03F27CF63}.Release|x86.Build.0 = Release|Win32
		{EE7E50EC-AF46-49DC-BD53-61756F0B3C07}.Debug|Any CPU.ActiveCfg = Debug|Win32
		{EE7E50EC-AF46-49DC-BD53-61756F0B3C07}.Debug|x64.ActiveCfg = Debug|x64
		{EE7E50EC-AF46-49DC-BD53-61756F0B3C07}.Debug|x64.Build.0 = Debug|x64
		{EE7E50EC-AF46-49DC-BD53-61756F0B3C07}.Debug|x86.ActiveCfg = Debug|Win32
		{EE7E50EC-AF46-49DC-BD53-61756F0B3C07}.Debug|x86.Build.0 = Debug|Win32
		{EE7E50EC-AF46-49DC-BD53-61756F0B3C07}.Release|Any CPU.ActiveCfg = Release|Win32
		{EE7E50EC-AF46-49DC-BD53-61756F0B3C07}.Release|x64.ActiveCfg = Release|x64
		{EE7E50EC-AF46-49DC-BD53-61756F0B3C07}.Release|x64.Build.0 = Release|x64
		{EE7E50EC-AF46-49DC-BD53-61756F0B3C07}.Release|x86.ActiveCfg = Release|Win32
		{EE7E50EC-AF46-49DC-BD53-61756F0B3C07}.Release|x86.Build.0 = Release|Win32
		{3B9F16B7-54EB-4536-8555-D7735B00FEA3}.Debug|Any CPU.ActiveCfg = Debug|Win32
		{3B9F16B7-54EB-4536-8555-D7735B00FEA3}.Debug|x64.ActiveCfg = Debug|x64
		{3B9F16B7-54EB-4536-8555-D7735B00FEA3}.Debug|x64.Build.0 = Debug|x64
		{3B9F16B7-54EB-4536-8555-D7735B00FEA3}.Debug|x86.ActiveCfg = Debug|Win32
		{3B9F16B7-54EB-4536-8555-D7735B00FEA3}.Debug|x86.Build.0 = Debug|Win32
		{3B9F16B7-54EB-4536-8555-D7735B00FEA3}.Release|Any CPU.ActiveCfg = Release|Win32
		{3B9F16B7-54EB-4536-8555-D7735B00FEA3}.Release|x64.ActiveCfg = Release|x64
		{3B9F16B7-54EB-4536-8555-D7735B00FEA3}.Release|x64.Build.0 = Release|x64
		{3B9F16B7-54EB-4536-8555-D7735B00FEA3}.Release|x86.ActiveCfg = Release|Win32
		{3B9F16B7-54EB-4536-8555-D7735B00FEA3}.Release|x86.Build.0 = Release|Win32
		{0F875018-5B8C-496D-BA83-418BC89FACD5}.Debug|Any CPU.ActiveCfg = Debug|Win32
		{0F875018-5B8C-496D-BA83-418BC89FACD5}.Debug|x64.ActiveCfg = Debug|x64
		{0F875018-5B8C-496D-BA83-418BC89FACD5}.Debug|x64.Build.0 = Debug|x64
		{0F875018-5B8C-496D-BA83-418BC89FACD5}.Debug|x86.ActiveCfg = Debug|Win32
		{0F875018-5B8C-496D-BA83-418BC89FACD5}.Debug|x86.Build.0 = Debug|Win32
		{0F875018-5B8C-496D-BA83-418BC89FACD5}.Release|Any CPU.ActiveCfg = Release|Win32
		{0F875018-5B8C-496D-BA83-418BC89FACD5}.Release|x64.ActiveCfg = Release|x64
		{0F875018-5B8C-496D-BA83-418BC89FACD5}.Release|x64.Build.0 = Release|x64
		{0F875018-5B8C-496D-BA83-418BC89FACD5}.Release|x86.ActiveCfg = Release|Win32
		{0F875018-5B8C-496D-BA83-418BC89FACD5}.Release|x86.Build.0 = Release|Win32
		{4A14975D-8B06-40AB-A057-9F556D4DAE93}.Debug|Any CPU.ActiveCfg = Debug|Win32
		{4A14975D-8B06-40AB-A057-9F556D4DAE93}.Debug|x64.ActiveCfg = Debug|x64
		{4A14975D-8B06-40AB-A057-9F556D4DAE93}.Debug|x64.Build.0 = Debug|x64
		{4A14975D-8B06-40AB-A057-9F556D4DAE93}.Debug|x86.ActiveCfg = Debug|Win32
		{4A14975D-8B06-40AB-A057-9F556D4DAE93}.Debug|x86.Build.0 = Debug|Win32
		{4A14975D-8B06-40AB-A057-9F556D4DAE93}.Release|Any CPU.ActiveCfg = Release|Win32
		{4A14975D-8B06-40AB-A057-9F556D4DAE93}.Release|x64.ActiveCfg = Release|x64
		{4A14975D-8B06-40AB-A057-9F556D4DAE93}.Release|x64.Build.0 = Release|x64
		{4A14975D-8B06-40AB-A057-9F556D4DAE93}.Release|x86.ActiveCfg = Release|Win32
		{4A14975D-8B06-40AB-A057-9F556D4DAE93}.Release|x86.Build.0 = Release|Win32
		{1F8BF6CE-F3D0-4552-AC6E-ED01B4878CF1}.Debug|Any CPU.ActiveCfg = Debug|Win32
		{1F8BF6CE-F3D0-4552-AC6E-ED01B4878CF1}.Debug|x64.ActiveCfg = Debug|x64
		{1F8BF6CE-F3D0-4552-AC6E-ED01B4878CF1}.Debug|x64.Build.0 = Debug|x64
		{1F8BF6CE-F3D0-4552-AC6E-ED01B4878CF1}.Debug|x86.ActiveCfg = Debug|Win32
		{1F8BF6CE-F3D0-4552-AC6E-ED01B4878CF1}.Debug|x86.Build.0 = Debug|Win32
		{1F8BF6CE-F3D0-4552-AC6E-ED01B4878CF1}.Release|Any CPU.ActiveCfg = Release|Win32
		{1F8BF6CE-F3D0-4552-AC6E-ED01B4878CF1}.Release|x64.ActiveCfg = Release|x64
		{1F8BF6CE-F3D0-4552-AC6E-ED01B4878CF1}.Release|x64.Build.0 = Release|x64
		{1F8BF6CE-F3D0-4552-AC6E-ED01B4878CF1}.Release|x86.ActiveCfg = Release|Win32
		{1F8BF6CE-F3D0-4552-AC6E-ED01B4878CF1}.Release|x86.Build.0 = Release|Win32
		{158EF76F-EC99-4517-BA47-31983D5CEFF9}.Debug|Any CPU.ActiveCfg = Debug|Win32
		{158EF76F-EC99-4517-BA47-31983D5CEFF9}.Debug|x64.ActiveCfg = Debug|x64
		{158EF76F-EC99-4517-BA47-31983D5CEFF9}.Debug|x64.Build.0 = Debug|x64
		{158EF76F-EC99-4517-BA47-31983D5CEFF9}.Debug|x86.ActiveCfg = Debug|Win32
		{158EF76F-EC99-4517-BA47-31983D5CEFF9}.Debug|x86.Build.0 = Debug|Win32
		{158EF76F-EC99-4517-BA47-31983D5CEFF9}.Release|Any CPU.ActiveCfg = Release|Win32
		{158EF76F-EC99-4517-BA47-31983D5CEFF9}.Release|x64.ActiveCfg = Release|x64
		{158EF76F-EC99-4517-BA47-31983D5CEFF9}.Release|x64.Build.0 = Release|x64
		{158EF76F-EC99-4517-BA47-31983D5CEFF9}.Release|x86.ActiveCfg = Release|Win32
		{158EF76F-EC99-4517-BA47-31983D5CEFF9}.Release|x86.Build.0 = Release|Win32
		{50C7A66D-9155-4ED6-92E0-6C0675A7AF0E}.Debug|Any CPU.ActiveCfg = Debug|Win32
		{50C7A66D-9155-4ED6-92E0-6C0675A7AF0E}.Debug|x64.ActiveCfg = Debug|x64
		{50C7A66D-9155-4ED6-92E0-6C0675A7AF0E}.Debug|x64.Build.0 = Debug|x64
		{50C7A66D-9155-4ED6-92E0-6C0675A7AF0E}.Debug|x86.ActiveCfg = Debug|Win32
		{50C7A66D-9155-4ED6-92E0-6C0675A7AF0E}.Debug|x86.Build.0 = Debug|Win32
		{50C7A66D-9155-4ED6-92E0-6C0675A7AF0E}.Release|Any CPU.ActiveCfg = Release|Win32
		{50C7A66D-9155-4ED6-92E0-6C0675A7AF0E}.Release|x64.ActiveCfg = Release|x64
		{50C7A66D-9155-4ED6-92E0-6C0675A7AF0E}.Release|x64.Build.0 = Release|x64
		{50C7A66D-9155-4ED6-92E0-6C0675A7AF0E}.Release|x86.ActiveCfg = Release|Win32
		{50C7A66D-9155-4ED6-92E0-6C0675A7AF0E}.Release|x86.Build.0 = Release|Win32
		{362F7725-F1B7-4484-88B6-93094DFB03F1}.Debug|Any CPU.ActiveCfg = Debug|Win32
		{362F7725-F1B7-4484-88B6-93094DFB03F1}.Debug|x64.ActiveCfg = Debug|x64
		{362F7725-F1B7-4484-88B6-93094DFB03F1}.Debug|x64.Build.0 = Debug|x64
		{362F7725-F1B7-4484-88B6-93094DFB03F1}.Debug|x86.ActiveCfg = Debug|Win32
		{362F7725-F1B7-4484-88B6-93094DFB03F1}.Debug|x86.Build.0 = Debug|Win32
		{362F7725-F1B7-4484-88B6-93094DFB03F1}.Release|Any CPU.ActiveCfg = Release|Win32
		{362F7725-F1B7-4484-88B6-93094DFB03F1}.Release|x64.ActiveCfg = Release|x64
		{362F7725-F1B7-4484-88B6-93094DFB03F1}.Release|x64.Build.0 = Release|x64
		{362F7725-F1B7-4484-88B6-93094DFB03F1}.Release|x86.ActiveCfg = Release|Win32
		{362F7725-F1B7-4484-88B6-93094DFB03F1}.Release|x86.Build.0 = Release|Win32
		{58AA0547-2206-4E8E-9FFA-BB663A59CF4F}.Debug|Any CPU.ActiveCfg = Debug|Win32
		{58AA0547-2206-4E8E-9FFA-BB663A59CF4F}.Debug|x64.ActiveCfg = Debug|x64
		{58AA0547-2206-4E8E-9FFA-BB663A59CF4F}.Debug|x64.Build.0 = Debug|x64
		{58AA0547-2206-4E8E-9FFA-BB663A59CF4F}.Debug|x86.ActiveCfg = Debug|Win32
		{58AA0547-2206-4E8E-9FFA-BB663A59CF4F}.Debug|x86.Build.0 = Debug|Win32
		{58AA0547-2206-4E8E-9FFA-BB663A59CF4F}.Release|Any CPU.ActiveCfg = Release|Win32
		{58AA0547-2206-4E8E-9FFA-BB663A59CF4F}.Release|x64.ActiveCfg = Release|x64
		{58AA0547-2206-4E8E-9FFA-BB663A59CF4F}.Release|x64.Build.0 = Release|x64
		{58AA0547-2206-4E8E-9FFA-BB663A59CF4F}.Release|x86.ActiveCfg = Release|Win32
		{58AA0547-2206-4E8E-9FFA-BB663A59CF4F}.Release|x86.Build.0 = Release|Win32
		{B01EF68C-7568-4EBF-8A47-47FF2B750466}.Debug|Any CPU.ActiveCfg = Debug|Win32
		{B01EF68C-7568-4EBF-8A47-47FF2B750466}.Debug|x64.ActiveCfg = Debug|x64
		{B01EF68C-7568-4EBF-8A47-47FF2B750466}.Debug|x64.Build.0 = Debug|x64
		{B01EF68C-7568-4EBF-8A47-47FF2B750466}.Debug|x86.ActiveCfg = Debug|Win32
		{B01EF68C-7568-4EBF-8A47-47FF2B750466}.Debug|x86.Build.0 = Debug|Win32
		{B01EF68C-7568-4EBF-8A47-47FF2B750466}.Release|Any CPU.ActiveCfg = Release|Win32
		{B01EF68C-7568-4EBF-8A47-47FF2B750466}.Release|x64.ActiveCfg = Release|x64
		{B01EF68C-7568-4EBF-8A47-47FF2B750466}.Release|x64.Build.0 = Release|x64
		{B01EF68C-7568-4EBF-8A47-47FF2B750466}.Release|x86.ActiveCfg = Release|Win32
		{B01EF68C-7568-4EBF-8A47-47FF2B750466}.Release|x86.Build.0 = Release|Win32
		{7F543D35-0FAF-4BCA-B68E-891C5CBDD482}.Debug|Any CPU.ActiveCfg = Debug|Win32
		{7F543D35-0FAF-4BCA-B68E-891C5CBDD482}.Debug|x64.ActiveCfg = Debug|x64
		{7F543D35-0FAF-4BCA-B68E-891C5CBDD482}.Debug|x64.Build.0 = Debug|x64
		{7F543D35-0FAF-4BCA-B68E-891C5CBDD482}.Debug|x86.ActiveCfg = Debug|Win32
		{7F543D35-0FAF-4BCA-B68E-891C5CBDD482}.Debug|x86.Build.0 = Debug|Win32
		{7F543D35-0FAF-4BCA-B68E-891C5CBDD482}.Release|Any CPU.ActiveCfg = Release|Win32
		{7F543D35-0FAF-4BCA-B68E-891C5CBDD482}.Release|x64.ActiveCfg = Release|x64
		{7F543D35-0FAF-4BCA-B68E-891C5CBDD482}.Release|x64.Build.0 = Release|x64
		{7F543D35-0FAF-4BCA-B68E-891C5CBDD482}.Release|x86.ActiveCfg = Release|Win32
		{7F543D35-0FAF-4BCA-B68E-891C5CBDD482}.Release|x86.Build.0 = Release|Win32
		{5F35B171-3B98-4487-AB8A-385360036201}.Debug|Any CPU.ActiveCfg = Debug|Win32
		{5F35B171-3B98-4487-AB8A-385360036201}.Debug|x64.ActiveCfg = Debug|x64
		{5F35B171-3B98-4487-AB8A-385360036201}.Debug|x64.Build.0 = Debug|x64
		{5F35B171-3B98-4487-AB8A-385360036201}.Debug|x86.ActiveCfg = Debug|Win32
		{5F35B171-3B98-4487-AB8A-385360036201}.Debug|x86.Build.0 = Debug|Win32
		{5F35B171-3B98-4487-AB8A-385360036201}.Release|Any CPU.ActiveCfg = Release|Win32
		{5F35B171-3B98-4487-AB8A-385360036201}.Release|x64.ActiveCfg = Release|x64
		{5F35B171-3B98-4487-AB8A-385360036201}.Release|x64.Build.0 = Release|x64
		{5F35B171-3B98-4487-AB8A-385360036201}.Release|x86.ActiveCfg = Release|Win32
		{5F35B171-3B98-4487-AB8A-385360036201}.Release|x86.Build.0 = Release|Win32
		{28CF665F-4EF2-4644-A61C-40FBFEA1F76A}.Debug|Any CPU.ActiveCfg = Debug|Win32
		{28CF665F-4EF2-4644-A61C-40FBFEA1F76A}.Debug|x64.ActiveCfg = Debug|x64
		{28CF665F-4EF2-4644-A61C-40FBFEA1F76A}.Debug|x64.Build.0 = Debug|x64
		{28CF665F-4EF2-4644-A61C-40FBFEA1F76A}.Debug|x86.ActiveCfg = Debug|Win32
		{28CF665F-4EF2-4644-A61C-40FBFEA1F76A}.Debug|x86.Build.0 = Debug|Win32
		{28CF665F-4EF2-4644-A61C-40FBFEA1F76A}.Release|Any CPU.ActiveCfg = Release|Win32
		{28CF665F-4EF2-4644-A61C-40FBFEA1F76A}.Release|x64.ActiveCfg = Release|x64
		{28CF665F-4EF2-4644-A61C-40FBFEA1F76A}.Release|x64.Build.0 = Release|x64
		{28CF665F-4EF2-4644-A61C-40FBFEA1F76A}.Release|x86.ActiveCfg = Release|Win32
		{28CF665F-4EF2-4644-A61C-40FBFEA1F76A}.Release|x86.Build.0 = Release|Win32
		{75BE8BCD-E8B2-425C-A5BA-514724086B4C}.Debug|Any CPU.ActiveCfg = Debug|Win32
		{75BE8BCD-E8B2-425C-A5BA-514724086B4C}.Debug|x64.ActiveCfg = Debug|x64
		{75BE8BCD-E8B2-425C-A5BA-514724086B4C}.Debug|x64.Build.0 = Debug|x64
		{75BE8BCD-E8B2-425C-A5BA-514724086B4C}.Debug|x86.ActiveCfg = Debug|Win32
		{75BE8BCD-E8B2-425C-A5BA-514724086B4C}.Debug|x86.Build.0 = Debug|Win32
		{75BE8BCD-E8B2-425C-A5BA-514724086B4C}.Release|Any CPU.ActiveCfg = Release|Win32
		{75BE8BCD-E8B2-425C-A5BA-514724086B4C}.Release|x64.ActiveCfg = Release|x64
		{75BE8BCD-E8B2-425C-A5BA-514724086B4C}.Release|x64.Build.0 = Release|x64
		{75BE8BCD-E8B2-425C-A5BA-514724086B4C}.Release|x86.ActiveCfg = Release|Win32
		{75BE8BCD-E8B2-425C-A5BA-514724086B4C}.Release|x86.Build.0 = Release|Win32
		{8945F36A-C2C1-4E62-B32B-33A7BD5104B6}.Debug|Any CPU.ActiveCfg = Debug|Win32
		{8945F36A-C2C1-4E62-B32B-33A7BD5104B6}.Debug|x64.ActiveCfg = Debug|x64
		{8945F36A-C2C1-4E62-B32B-33A7BD5104B6}.Debug|x64.Build.0 = Debug|x64
		{8945F36A-C2C1-4E62-B32B-33A7BD5104B6}.Debug|x86.ActiveCfg = Debug|Win32
		{8945F36A-C2C1-4E62-B32B-33A7BD5104B6}.Debug|x86.Build.0 = Debug|Win32
		{8945F36A-C2C1-4E62-B32B-33A7BD5104B6}.Release|Any CPU.ActiveCfg = Release|Win32
		{8945F36A-C2C1-4E62-B32B-33A7BD5104B6}.Release|x64.ActiveCfg = Release|x64
		{8945F36A-C2C1-4E62-B32B-33A7BD5104B6}.Release|x64.Build.0 = Release|x64
		{8945F36A-C2C1-4E62-B32B-33A7BD5104B6}.Release|x86.ActiveCfg = Release|Win32
		{8945F36A-C2C1-4E62-B32B-33A7BD5104B6}.Release|x86.Build.0 = Release|Win32
		{BCB91185-6322-49C2-BD6A-7FE99A1D8116}.Debug|Any CPU.ActiveCfg = Debug|Win32
		{BCB91185-6322-49C2-BD6A-7FE99A1D8116}.Debug|x64.ActiveCfg = Debug|x64
		{BCB91185-6322-49C2-BD6A-7FE99A1D8116}.Debug|x64.Build.0 = Debug|x64
		{BCB91185-6322-49C2-BD6A-7FE99A1D8116}.Debug|x86.ActiveCfg = Debug|Win32
		{BCB91185-6322-49C2-BD6A-7FE99A1D8116}.Debug|x86.Build.0 = Debug|Win32
		{BCB91185-6322-49C2-BD6A-7FE99A1D8116}.Release|Any CPU.ActiveCfg = Release|Win32
		{BCB91185-6322-49C2-BD6A-7FE99A1D8116}.Release|x64.ActiveCfg = Release|x64
		{BCB91185-6322-49C2-BD6A-7FE99A1D8116}.Release|x64.Build.0 = Release|x64
		{BCB91185-6322-49C2-BD6A-7FE99A1D8116}.Release|x86.ActiveCfg = Release|Win32
		{BCB91185-6322-49C2-BD6A-7FE99A1D8116}.Release|x86.Build.0 = Release|Win32
		{67546396-B834-415A-8230-4A9D417DD1B7}.Debug|Any CPU.ActiveCfg = Debug|Win32
		{67546396-B834-415A-8230-4A9D417DD1B7}.Debug|x64.ActiveCfg = Debug|x64
		{67546396-B834-415A-8230-4A9D417DD1B7}.Debug|x64.Build.0 = Debug|x64
		{67546396-B834-415A-8230-4A9D417DD1B7}.Debug|x86.ActiveCfg = Debug|Win32
		{67546396-B834-415A-8230-4A9D417DD1B7}.Debug|x86.Build.0 = Debug|Win32
		{67546396-B834-415A-8230-4A9D417DD1B7}.Release|Any CPU.ActiveCfg = Release|Win32
		{67546396-B834-415A-8230-4A9D417DD1B7}.Release|x64.ActiveCfg = Release|x64
		{67546396-B834-415A-8230-4A9D417DD1B7}.Release|x64.Build.0 = Release|x64
		{67546396-B834-415A-8230-4A9D417DD1B7}.Release|x86.ActiveCfg = Release|Win32
		{67546396-B834-415A-8230-4A9D417DD1B7}.Release|x86.Build.0 = Release|Win32
		{E2C3CBEA-D243-4DFB-B5E3-6F094435C839}.Debug|Any CPU.ActiveCfg = Debug|Win32
		{E2C3CBEA-D243-4DFB-B5E3-6F094435C839}.Debug|x64.ActiveCfg = Debug|x64
		{E2C3CBEA-D243-4DFB-B5E3-6F094435C839}.Debug|x64.Build.0 = Debug|x64
		{E2C3CBEA-D243-4DFB-B5E3-6F094435C839}.Debug|x86.ActiveCfg = Debug|Win32
		{E2C3CBEA-D243-4DFB-B5E3-6F094435C839}.Debug|x86.Build.0 = Debug|Win32
		{E2C3CBEA-D243-4DFB-B5E3-6F094435C839}.Release|Any CPU.ActiveCfg = Release|Win32
		{E2C3CBEA-D243-4DFB-B5E3-6F094435C839}.Release|x64.ActiveCfg = Release|x64
		{E2C3CBEA-D243-4DFB-B5E3-6F094435C839}.Release|x64.Build.0 = Release|x64
		{E2C3CBEA-D243-4DFB-B5E3-6F094435C839}.Release|x86.ActiveCfg = Release|Win32
		{E2C3CBEA-D243-4DFB-B5E3-6F094435C839}.Release|x86.Build.0 = Release|Win32
		{DAFED263-50C3-4EA1-9F51-45AE230739C5}.Debug|Any CPU.ActiveCfg = Debug|Win32
		{DAFED263-50C3-4EA1-9F51-45AE230739C5}.Debug|x64.ActiveCfg = Debug|x64
		{DAFED263-50C3-4EA1-9F51-45AE230739C5}.Debug|x64.Build.0 = Debug|x64
		{DAFED263-50C3-4EA1-9F51-45AE230739C5}.Debug|x86.ActiveCfg = Debug|Win32
		{DAFED263-50C3-4EA1-9F51-45AE230739C5}.Debug|x86.Build.0 = Debug|Win32
		{DAFED263-50C3-4EA1-9F51-45AE230739C5}.Release|Any CPU.ActiveCfg = Release|Win32
		{DAFED263-50C3-4EA1-9F51-45AE230739C5}.Release|x64.ActiveCfg = Release|x64
		{DAFED263-50C3-4EA1-9F51-45AE230739C5}.Release|x64.Build.0 = Release|x64
		{DAFED263-50C3-4EA1-9F51-45AE230739C5}.Release|x86.ActiveCfg = Release|Win32
		{DAFED263-50C3-4EA1-9F51-45AE230739C5}.Release|x86.Build.0 = Release|Win32
		{845A5A01-9764-4AD0-817F-D55A88D6B24C}.Debug|Any CPU.ActiveCfg = Debug|Win32
		{845A5A01-9764-4AD0-817F-D55A88D6B24C}.Debug|x64.ActiveCfg = Debug|x64
		{845A5A01-9764-4AD0-817F-D55A88D6B24C}.Debug|x64.Build.0 = Debug|x64
		{845A5A01-9764-4AD0-817F-D55A88D6B24C}.Debug|x86.ActiveCfg = Debug|Win32
		{845A5A01-9764-4AD0-817F-D55A88D6B24C}.Debug|x86.Build.0 = Debug|Win32
		{845A5A01-9764-4AD0-817F-D55A88D6B24C}.Release|Any CPU.ActiveCfg = Release|Win32
		{845A5A01-9764-4AD0-817F-D55A88D6B24C}.Release|x64.ActiveCfg = Release|x64
		{845A5A01-9764-4AD0-817F-D55A88D6B24C}.Release|x64.Build.0 = Release|x64
		{845A5A01-9764-4AD0-817F-D55A88D6B24C}.Release|x86.ActiveCfg = Release|Win32
		{845A5A01-9764-4AD0-817F-D55A88D6B24C}.Release|x86.Build.0 = Release|Win32
		{F7D6184F-3A98-4D7D-A4EA-EE802D25730C}.Debug|Any CPU.ActiveCfg = Debug|Win32
		{F7D6184F-3A98-4D7D-A4EA-EE802D25730C}.Debug|x64.ActiveCfg = Debug|x64
		{F7D6184F-3A98-4D7D-A4EA-EE802D25730C}.Debug|x64.Build.0 = Debug|x64
		{F7D6184F-3A98-4D7D-A4EA-EE802D25730C}.Debug|x86.ActiveCfg = Debug|Win32
		{F7D6184F-3A98-4D7D-A4EA-EE802D25730C}.Debug|x86.Build.0 = Debug|Win32
		{F7D6184F-3A98-4D7D-A4EA-EE802D25730C}.Release|Any CPU.ActiveCfg = Release|Win32
		{F7D6184F-3A98-4D7D-A4EA-EE802D25730C}.Release|x64.ActiveCfg = Release|x64
		{F7D6184F-3A98-4D7D-A4EA-EE802D25730C}.Release|x64.Build.0 = Release|x64
		{F7D6184F-3A98-4D7D-A4EA-EE802D25730C}.Release|x86.ActiveCfg = Release|Win32
		{F7D6184F-3A98-4D7D-A4EA-EE802D25730C}.Release|x86.Build.0 = Release|Win32
		{B062503A-6B92-4267-BADD-78EA6A431AD7}.Debug|Any CPU.ActiveCfg = Debug|Win32
		{B062503A-6B92-4267-BADD-78EA6A431AD7}.Debug|x64.ActiveCfg = Debug|x64
		{B062503A-6B92-4267-BADD-78EA6A431AD7}.Debug|x64.Build.0 = Debug|x64
		{B062503A-6B92-4267-BADD-78EA6A431AD7}.Debug|x86.ActiveCfg = Debug|Win32
		{B062503A-6B92-4267-BADD-78EA6A431AD7}.Debug|x86.Build.0 = Debug|Win32
		{B062503A-6B92-4267-BADD-78EA6A431AD7}.Release|Any CPU.ActiveCfg = Release|Win32
		{B062503A-6B92-4267-BADD-78EA6A431AD7}.Release|x64.ActiveCfg = Release|x64
		{B062503A-6B92-4267-BADD-78EA6A431AD7}.Release|x64.Build.0 = Release|x64
		{B062503A-6B92-4267-BADD-78EA6A431AD7}.Release|x86.ActiveCfg = Release|Win32
		{B062503A-6B92-4267-BADD-78EA6A431AD7}.Release|x86.Build.0 = Release|Win32
		{6009C468-F007-4DCD-AC3E-42BEA6DA2085}.Debug|Any CPU.ActiveCfg = Debug|Win32
		{6009C468-F007-4DCD-AC3E-42BEA6DA2085}.Debug|x64.ActiveCfg = Debug|x64
		{6009C468-F007-4DCD-AC3E-42BEA6DA2085}.Debug|x64.Build.0 = Debug|x64
		{6009C468-F007-4DCD-AC3E-42BEA6DA2085}.Debug|x86.ActiveCfg = Debug|Win32
		{6009C468-F007-4DCD-AC3E-42BEA6DA2085}.Debug|x86.Build.0 = Debug|Win32
		{6009C468-F007-4DCD-AC3E-42BEA6DA2085}.Release|Any CPU.ActiveCfg = Release|Win32
		{6009C468-F007-4DCD-AC3E-42BEA6DA2085}.Release|x64.ActiveCfg = Release|x64
		{6009C468-F007-4DCD-AC3E-42BEA6DA2085}.Release|x64.Build.0 = Release|x64
		{6009C468-F007-4DCD-AC3E-42BEA6DA2085}.Release|x86.ActiveCfg = Release|Win32
		{6009C468-F007-4DCD-AC3E-42BEA6DA2085}.Release|x86.Build.0 = Release|Win32
		{9FCF0A84-CE51-4BA9-B8BA-50E34A108BB2}.Debug|Any CPU.ActiveCfg = Debug|Win32
		{9FCF0A84-CE51-4BA9-B8BA-50E34A108BB2}.Debug|x64.ActiveCfg = Debug|x64
		{9FCF0A84-CE51-4BA9-B8BA-50E34A108BB2}.Debug|x64.Build.0 = Debug|x64
		{9FCF0A84-CE51-4BA9-B8BA-50E34A108BB2}.Debug|x86.ActiveCfg = Debug|Win32
		{9FCF0A84-CE51-4BA9-B8BA-50E34A108BB2}.Debug|x86.Build.0 = Debug|Win32
		{9FCF0A84-CE51-4BA9-B8BA-50E34A108BB2}.Release|Any CPU.ActiveCfg = Release|Win32
		{9FCF0A84-CE51-4BA9-B8BA-50E34A108BB2}.Release|x64.ActiveCfg = Release|x64
		{9FCF0A84-CE51-4BA9-B8BA-50E34A108BB2}.Release|x64.Build.0 = Release|x64
		{9FCF0A84-CE51-4BA9-B8BA-50E34A108BB2}.Release|x86.ActiveCfg = Release|Win32
		{9FCF0A84-CE51-4BA9-B8BA-50E34A108BB2}.Release|x86.Build.0 = Release|Win32
		{37FEC02A-39F1-4D33-B23D-FE89BD2F131D}.Debug|Any CPU.ActiveCfg = Debug|Win32
		{37FEC02A-39F1-4D33-B23D-FE89BD2F131D}.Debug|x64.ActiveCfg = Debug|x64
		{37FEC02A-39F1-4D33-B23D-FE89BD2F131D}.Debug|x64.Build.0 = Debug|x64
		{37FEC02A-39F1-4D33-B23D-FE89BD2F131D}.Debug|x86.ActiveCfg = Debug|Win32
		{37FEC02A-39F1-4D33-B23D-FE89BD2F131D}.Debug|x86.Build.0 = Debug|Win32
		{37FEC02A-39F1-4D33-B23D-FE89BD2F131D}.Release|Any CPU.ActiveCfg = Release|Win32
		{37FEC02A-39F1-4D33-B23D-FE89BD2F131D}.Release|x64.ActiveCfg = Release|x64
		{37FEC02A-39F1-4D33-B23D-FE89BD2F131D}.Release|x64.Build.0 = Release|x64
		{37FEC02A-39F1-4D33-B23D-FE89BD2F131D}.Release|x86.ActiveCfg = Release|Win32
		{37FEC02A-39F1-4D33-B23D-FE89BD2F131D}.Release|x86.Build.0 = Release|Win32
		{461E9644-038B-498C-9200-5E32BBC92260}.Debug|Any CPU.ActiveCfg = Debug|Win32
		{461E9644-038B-498C-9200-5E32BBC92260}.Debug|x64.ActiveCfg = Debug|x64
		{461E9644-038B-498C-9200-5E32BBC92260}.Debug|x64.Build.0 = Debug|x64
		{461E9644-038B-498C-9200-5E32BBC92260}.Debug|x86.ActiveCfg = Debug|Win32
		{461E9644-038B-498C-9200-5E32BBC92260}.Debug|x86.Build.0 = Debug|Win32
		{461E9644-038B-498C-9200-5E32BBC92260}.Release|Any CPU.ActiveCfg = Release|Win32
		{461E9644-038B-498C-9200-5E32BBC92260}.Release|x64.ActiveCfg = Release|x64
		{461E9644-038B-498C-9200-5E32BBC92260}.Release|x64.Build.0 = Release|x64
		{461E9644-038B-498C-9200-5E32BBC92260}.Release|x86.ActiveCfg = Release|Win32
		{461E9644-038B-498C-9200-5E32BBC92260}.Release|x86.Build.0 = Release|Win32
		{560E74D7-AE76-46DD-B19C-0461ECB85225}.Debug|Any CPU.ActiveCfg = Debug|Win32
		{560E74D7-AE76-46DD-B19C-0461ECB85225}.Debug|x64.ActiveCfg = Debug|x64
		{560E74D7-AE76-46DD-B19C-0461ECB85225}.Debug|x64.Build.0 = Debug|x64
		{560E74D7-AE76-46DD-B19C-0461ECB85225}.Debug|x86.ActiveCfg = Debug|Win32
		{560E74D7-AE76-46DD-B19C-0461ECB85225}.Debug|x86.Build.0 = Debug|Win32
		{560E74D7-AE76-46DD-B19C-0461ECB85225}.Release|Any CPU.ActiveCfg = Release|Win32
		{560E74D7-AE76-46DD-B19C-0461ECB85225}.Release|x64.ActiveCfg = Release|x64
		{560E74D7-AE76-46DD-B19C-0461ECB85225}.Release|x64.Build.0 = Release|x64
		{560E74D7-AE76-46DD-B19C-0461ECB85225}.Release|x86.ActiveCfg = Release|Win32
		{560E74D7-AE76-46DD-B19C-0461ECB85225}.Release|x86.Build.0 = Release|Win32
		{6D082BB3-46A2-4902-8E7C-647CC19E2684}.Debug|Any CPU.ActiveCfg = Debug|Win32
		{6D082BB3-46A2-4902-8E7C-647CC19E2684}.Debug|x64.ActiveCfg = Debug|x64
		{6D082BB3-46A2-4902-8E7C-647CC19E2684}.Debug|x64.Build.0 = Debug|x64
		{6D082BB3-46A2-4902-8E7C-647CC19E2684}.Debug|x86.ActiveCfg = Debug|Win32
		{6D082BB3-46A2-4902-8E7C-647CC19E2684}.Debug|x86.Build.0 = Debug|Win32
		{6D082BB3-46A2-4902-8E7C-647CC19E2684}.Release|Any CPU.ActiveCfg = Release|Win32
		{6D082BB3-46A2-4902-8E7C-647CC19E2684}.Release|x64.ActiveCfg = Release|x64
		{6D082BB3-46A2-4902-8E7C-647CC19E2684}.Release|x64.Build.0 = Release|x64
		{6D082BB3-46A2-4902-8E7C-647CC19E2684}.Release|x86.ActiveCfg = Release|Win32
		{6D082BB3-46A2-4902-8E7C-647CC19E2684}.Release|x86.Build.0 = Release|Win32
		{4C13796C-BBF5-49E8-953A-7B54432B2C82}.Debug|Any CPU.ActiveCfg = Debug|Win32
		{4C13796C-BBF5-49E8-953A-7B54432B2C82}.Debug|x64.ActiveCfg = Debug|x64
		{4C13796C-BBF5-49E8-953A-7B54432B2C82}.Debug|x64.Build.0 = Debug|x64
		{4C13796C-BBF5-49E8-953A-7B54432B2C82}.Debug|x86.ActiveCfg = Debug|Win32
		{4C13796C-BBF5-49E8-953A-7B54432B2C82}.Debug|x86.Build.0 = Debug|Win32
		{4C13796C-BBF5-49E8-953A-7B54432B2C82}.Release|Any CPU.ActiveCfg = Release|Win32
		{4C13796C-BBF5-49E8-953A-7B54432B2C82}.Release|x64.ActiveCfg = Release|x64
		{4C13796C-BBF5-49E8-953A-7B54432B2C82}.Release|x64.Build.0 = Release|x64
		{4C13796C-BBF5-49E8-953A-7B54432B2C82}.Release|x86.ActiveCfg = Release|Win32
		{4C13796C-BBF5-49E8-953A-7B54432B2C82}.Release|x86.Build.0 = Release|Win32
		{D2297C7E-BB02-4254-AC4D-CEA5E064C597}.Debug|Any CPU.ActiveCfg = Debug|Win32
		{D2297C7E-BB02-4254-AC4D-CEA5E064C597}.Debug|x64.ActiveCfg = Debug|x64
		{D2297C7E-BB02-4254-AC4D-CEA5E064C597}.Debug|x64.Build.0 = Debug|x64
		{D2297C7E-BB02-4254-AC4D-CEA5E064C597}.Debug|x86.ActiveCfg = Debug|Win32
		{D2297C7E-BB02-4254-AC4D-CEA5E064C597}.Debug|x86.Build.0 = Debug|Win32
		{D2297C7E-BB02-4254-AC4D-CEA5E064C597}.Release|Any CPU.ActiveCfg = Release|Win32
		{D2297C7E-BB02-4254-AC4D-CEA5E064C597}.Release|x64.ActiveCfg = Release|x64
		{D2297C7E-BB02-4254-AC4D-CEA5E064C597}.Release|x64.Build.0 = Release|x64
		{D2297C7E-BB02-4254-AC4D-CEA5E064C597}.Release|x86.ActiveCfg = Release|Win32
		{D2297C7E-BB02-4254-AC4D-CEA5E064C597}.Release|x86.Build.0 = Release|Win32
		{E07EA6A0-736F-4B15-BFD7-23F1E0168E4B}.Debug|Any CPU.ActiveCfg = Debug|Win32
		{E07EA6A0-736F-4B15-BFD7-23F1E0168E4B}.Debug|x64.ActiveCfg = Debug|x64
		{E07EA6A0-736F-4B15-BFD7-23F1E0168E4B}.Debug|x64.Build.0 = Debug|x64
		{E07EA6A0-736F-4B15-BFD7-23F1E0168E4B}.Debug|x86.ActiveCfg = Debug|Win32
		{E07EA6A0-736F-4B15-BFD7-23F1E0168E4B}.Debug|x86.Build.0 = Debug|Win32
		{E07EA6A0-736F-4B15-BFD7-23F1E0168E4B}.Release|Any CPU.ActiveCfg = Release|Win32
		{E07EA6A0-736F-4B15-BFD7-23F1E0168E4B}.Release|x64.ActiveCfg = Release|x64
		{E07EA6A0-736F-4B15-BFD7-23F1E0168E4B}.Release|x64.Build.0 = Release|x64
		{E07EA6A0-736F-4B15-BFD7-23F1E0168E4B}.Release|x86.ActiveCfg = Release|Win32
		{E07EA6A0-736F-4B15-BFD7-23F1E0168E4B}.Release|x86.Build.0 = Release|Win32
		{5A158AF8-F4F4-46F1-B14E-DB6F9BE62159}.Debug|Any CPU.ActiveCfg = Debug|Win32
		{5A158AF8-F4F4-46F1-B14E-DB6F9BE62159}.Debug|x64.ActiveCfg = Debug|x64
		{5A158AF8-F4F4-46F1-B14E-DB6F9BE62159}.Debug|x64.Build.0 = Debug|x64
		{5A158AF8-F4F4-46F1-B14E-DB6F9BE62159}.Debug|x86.ActiveCfg = Debug|Win32
		{5A158AF8-F4F4-46F1-B14E-DB6F9BE62159}.Debug|x86.Build.0 = Debug|Win32
		{5A158AF8-F4F4-46F1-B14E-DB6F9BE62159}.Release|Any CPU.ActiveCfg = Release|Win32
		{5A158AF8-F4F4-46F1-B14E-DB6F9BE62159}.Release|x64.ActiveCfg = Release|x64
		{5A158AF8-F4F4-46F1-B14E-DB6F9BE62159}.Release|x64.Build.0 = Release|x64
		{5A158AF8-F4F4-46F1-B14E-DB6F9BE62159}.Release|x86.ActiveCfg = Release|Win32
		{5A158AF8-F4F4-46F1-B14E-DB6F9BE62159}.Release|x86.Build.0 = Release|Win32
		{AAAE4A59-985D-4492-A64A-B6BAB35B829B}.Debug|Any CPU.ActiveCfg = Debug|Win32
		{AAAE4A59-985D-4492-A64A-B6BAB35B829B}.Debug|x64.ActiveCfg = Debug|x64
		{AAAE4A59-985D-4492-A64A-B6BAB35B829B}.Debug|x64.Build.0 = Debug|x64
		{AAAE4A59-985D-4492-A64A-B6BAB35B829B}.Debug|x86.ActiveCfg = Debug|Win32
		{AAAE4A59-985D-4492-A64A-B6BAB35B829B}.Debug|x86.Build.0 = Debug|Win32
		{AAAE4A59-985D-4492-A64A-B6BAB35B829B}.Release|Any CPU.ActiveCfg = Release|Win32
		{AAAE4A59-985D-4492-A64A-B6BAB35B829B}.Release|x64.ActiveCfg = Release|x64
		{AAAE4A59-985D-4492-A64A-B6BAB35B829B}.Release|x64.Build.0 = Release|x64
		{AAAE4A59-985D-4492-A64A-B6BAB35B829B}.Release|x86.ActiveCfg = Release|Win32
		{AAAE4A59-985D-4492-A64A-B6BAB35B829B}.Release|x86.Build.0 = Release|Win32
		{397BCFC3-BAC3-49D1-828E-CFFAAC206293}.Debug|Any CPU.ActiveCfg = Debug|Win32
		{397BCFC3-BAC3-49D1-828E-CFFAAC206293}.Debug|x64.ActiveCfg = Debug|x64
		{397BCFC3-BAC3-49D1-828E-CFFAAC206293}.Debug|x64.Build.0 = Debug|x64
		{397BCFC3-BAC3-49D1-828E-CFFAAC206293}.Debug|x86.ActiveCfg = Debug|Win32
		{397BCFC3-BAC3-49D1-828E-CFFAAC206293}.Debug|x86.Build.0 = Debug|Win32
		{397BCFC3-BAC3-49D1-828E-CFFAAC206293}.Release|Any CPU.ActiveCfg = Release|Win32
		{397BCFC3-BAC3-49D1-828E-CFFAAC206293}.Release|x64.ActiveCfg = Release|x64
		{397BCFC3-BAC3-49D1-828E-CFFAAC206293}.Release|x64.Build.0 = Release|x64
		{397BCFC3-BAC3-49D1-828E-CFFAAC206293}.Release|x86.ActiveCfg = Release|Win32
		{397BCFC3-BAC3-49D1-828E-CFFAAC206293}.Release|x86.Build.0 = Release|Win32
		{A76766F5-D3D9-4FCA-83CD-82E8265BB766}.Debug|Any CPU.ActiveCfg = Debug|Win32
		{A76766F5-D3D9-4FCA-83CD-82E8265BB766}.Debug|x64.ActiveCfg = Debug|x64
		{A76766F5-D3D9-4FCA-83CD-82E8265BB766}.Debug|x64.Build.0 = Debug|x64
		{A76766F5-D3D9-4FCA-83CD-82E8265BB766}.Debug|x86.ActiveCfg = Debug|Win32
		{A76766F5-D3D9-4FCA-83CD-82E8265BB766}.Debug|x86.Build.0 = Debug|Win32
		{A76766F5-D3D9-4FCA-83CD-82E8265BB766}.Release|Any CPU.ActiveCfg = Release|Win32
		{A76766F5-D3D9-4FCA-83CD-82E8265BB766}.Release|x64.ActiveCfg = Release|x64
		{A76766F5-D3D9-4FCA-83CD-82E8265BB766}.Release|x64.Build.0 = Release|x64
		{A76766F5-D3D9-4FCA-83CD-82E8265BB766}.Release|x86.ActiveCfg = Release|Win32
		{A76766F5-D3D9-4FCA-83CD-82E8265BB766}.Release|x86.Build.0 = Release|Win32
		{BFF86C18-E0B0-42A1-B913-322D9537FF1A}.Debug|Any CPU.ActiveCfg = Debug|Win32
		{BFF86C18-E0B0-42A1-B913-322D9537FF1A}.Debug|x64.ActiveCfg = Debug|x64
		{BFF86C18-E0B0-42A1-B913-322D9537FF1A}.Debug|x64.Build.0 = Debug|x64
		{BFF86C18-E0B0-42A1-B913-322D9537FF1A}.Debug|x86.ActiveCfg = Debug|Win32
		{BFF86C18-E0B0-42A1-B913-322D9537FF1A}.Debug|x86.Build.0 = Debug|Win32
		{BFF86C18-E0B0-42A1-B913-322D9537FF1A}.Release|Any CPU.ActiveCfg = Release|Win32
		{BFF86C18-E0B0-42A1-B913-322D9537FF1A}.Release|x64.ActiveCfg = Release|x64
		{BFF86C18-E0B0-42A1-B913-322D9537FF1A}.Release|x64.Build.0 = Release|x64
		{BFF86C18-E0B0-42A1-B913-322D9537FF1A}.Release|x86.ActiveCfg = Release|Win32
		{BFF86C18-E0B0-42A1-B913-322D9537FF1A}.Release|x86.Build.0 = Release|Win32
		{97A5FA36-E239-4EAA-BCC6-8A0EA115BABC}.Debug|Any CPU.ActiveCfg = Debug|Win32
		{97A5FA36-E239-4EAA-BCC6-8A0EA115BABC}.Debug|x64.ActiveCfg = Debug|x64
		{97A5FA36-E239-4EAA-BCC6-8A0EA115BABC}.Debug|x64.Build.0 = Debug|x64
		{97A5FA36-E239-4EAA-BCC6-8A0EA115BABC}.Debug|x86.ActiveCfg = Debug|Win32
		{97A5FA36-E239-4EAA-BCC6-8A0EA115BABC}.Debug|x86.Build.0 = Debug|Win32
		{97A5FA36-E239-4EAA-BCC6-8A0EA115BABC}.Release|Any CPU.ActiveCfg = Release|Win32
		{97A5FA36-E239-4EAA-BCC6-8A0EA115BABC}.Release|x64.ActiveCfg = Release|x64
		{97A5FA36-E239-4EAA-BCC6-8A0EA115BABC}.Release|x64.Build.0 = Release|x64
		{97A5FA36-E239-4EAA-BCC6-8A0EA115BABC}.Release|x86.ActiveCfg = Release|Win32
		{97A5FA36-E239-4EAA-BCC6-8A0EA115BABC}.Release|x86.Build.0 = Release|Win32
		{E2796587-FD52-4931-9E27-EF9C25D46704}.Debug|Any CPU.ActiveCfg = Debug|Win32
		{E2796587-FD52-4931-9E27-EF9C25D46704}.Debug|x64.ActiveCfg = Debug|x64
		{E2796587-FD52-4931-9E27-EF9C25D46704}.Debug|x64.Build.0 = Debug|x64
		{E2796587-FD52-4931-9E27-EF9C25D46704}.Debug|x86.ActiveCfg = Debug|Win32
		{E2796587-FD52-4931-9E27-EF9C25D46704}.Debug|x86.Build.0 = Debug|Win32
		{E2796587-FD52-4931-9E27-EF9C25D46704}.Release|Any CPU.ActiveCfg = Release|Win32
		{E2796587-FD52-4931-9E27-EF9C25D46704}.Release|x64.ActiveCfg = Release|x64
		{E2796587-FD52-4931-9E27-EF9C25D46704}.Release|x64.Build.0 = Release|x64
		{E2796587-FD52-4931-9E27-EF9C25D46704}.Release|x86.ActiveCfg = Release|Win32
		{E2796587-FD52-4931-9E27-EF9C25D46704}.Release|x86.Build.0 = Release|Win32
		{DF8BD7BA-A855-4659-9503-734ABC3AC066}.Debug|Any CPU.ActiveCfg = Debug|Win32
		{DF8BD7BA-A855-4659-9503-734ABC3AC066}.Debug|x64.ActiveCfg = Debug|x64
		{DF8BD7BA-A855-4659-9503-734ABC3AC066}.Debug|x64.Build.0 = Debug|x64
		{DF8BD7BA-A855-4659-9503-734ABC3AC066}.Debug|x86.ActiveCfg = Debug|Win32
		{DF8BD7BA-A855-4659-9503-734ABC3AC066}.Debug|x86.Build.0 = Debug|Win32
		{DF8BD7BA-A855-4659-9503-734ABC3AC066}.Release|Any CPU.ActiveCfg = Release|Win32
		{DF8BD7BA-A855-4659-9503-734ABC3AC066}.Release|x64.ActiveCfg = Release|x64
		{DF8BD7BA-A855-4659-9503-734ABC3AC066}.Release|x64.Build.0 = Release|x64
		{DF8BD7BA-A855-4659-9503-734ABC3AC066}.Release|x86.ActiveCfg = Release|Win32
		{DF8BD7BA-A855-4659-9503-734ABC3AC066}.Release|x86.Build.0 = Release|Win32
		{46EC8C80-F55E-4887-B932-53F0859DF3B0}.Debug|Any CPU.ActiveCfg = Debug|Win32
		{46EC8C80-F55E-4887-B932-53F0859DF3B0}.Debug|x64.ActiveCfg = Debug|x64
		{46EC8C80-F55E-4887-B932-53F0859DF3B0}.Debug|x64.Build.0 = Debug|x64
		{46EC8C80-F55E-4887-B932-53F0859DF3B0}.Debug|x86.ActiveCfg = Debug|Win32
		{46EC8C80-F55E-4887-B932-53F0859DF3B0}.Debug|x86.Build.0 = Debug|Win32
		{46EC8C80-F55E-4887-B932-53F0859DF3B0}.Release|Any CPU.ActiveCfg = Release|Win32
		{46EC8C80-F55E-4887-B932-53F0859DF3B0}.Release|x64.ActiveCfg = Release|x64
		{46EC8C80-F55E-4887-B932-53F0859DF3B0}.Release|x64.Build.0 = Release|x64
		{46EC8C80-F55E-4887-B932-53F0859DF3B0}.Release|x86.ActiveCfg = Release|Win32
		{46EC8C80-F55E-4887-B932-53F0859DF3B0}.Release|x86.Build.0 = Release|Win32
		{7C6AFAFA-605C-4BBE-A94E-3663722A0424}.Debug|Any CPU.ActiveCfg = Debug|Win32
		{7C6AFAFA-605C-4BBE-A94E-3663722A0424}.Debug|x64.ActiveCfg = Debug|x64
		{7C6AFAFA-605C-4BBE-A94E-3663722A0424}.Debug|x64.Build.0 = Debug|x64
		{7C6AFAFA-605C-4BBE-A94E-3663722A0424}.Debug|x86.ActiveCfg = Debug|Win32
		{7C6AFAFA-605C-4BBE-A94E-3663722A0424}.Debug|x86.Build.0 = Debug|Win32
		{7C6AFAFA-605C-4BBE-A94E-3663722A0424}.Release|Any CPU.ActiveCfg = Release|Win32
		{7C6AFAFA-605C-4BBE-A94E-3663722A0424}.Release|x64.ActiveCfg = Release|x64
		{7C6AFAFA-605C-4BBE-A94E-3663722A0424}.Release|x64.Build.0 = Release|x64
		{7C6AFAFA-605C-4BBE-A94E-3663722A0424}.Release|x86.ActiveCfg = Release|Win32
		{7C6AFAFA-605C-4BBE-A94E-3663722A0424}.Release|x86.Build.0 = Release|Win32
		{3343EE40-0362-4590-838C-E090BB16BDFF}.Debug|Any CPU.ActiveCfg = Debug|Win32
		{3343EE40-0362-4590-838C-E090BB16BDFF}.Debug|x64.ActiveCfg = Debug|x64
		{3343EE40-0362-4590-838C-E090BB16BDFF}.Debug|x64.Build.0 = Debug|x64
		{3343EE40-0362-4590-838C-E090BB16BDFF}.Debug|x86.ActiveCfg = Debug|Win32
		{3343EE40-0362-4590-838C-E090BB16BDFF}.Debug|x86.Build.0 = Debug|Win32
		{3343EE40-0362-4590-838C-E090BB16BDFF}.Release|Any CPU.ActiveCfg = Release|Win32
		{3343EE40-0362-4590-838C-E090BB16BDFF}.Release|x64.ActiveCfg = Release|x64
		{3343EE40-0362-4590-838C-E090BB16BDFF}.Release|x64.Build.0 = Release|x64
		{3343EE40-0362-4590-838C-E090BB16BDFF}.Release|x86.ActiveCfg = Release|Win32
		{3343EE40-0362-4590-838C-E090BB16BDFF}.Release|x86.Build.0 = Release|Win32
		{08506782-277D-43E5-936A-91ABA4566EA2}.Debug|Any CPU.ActiveCfg = Debug|Win32
		{08506782-277D-43E5-936A-91ABA4566EA2}.Debug|x64.ActiveCfg = Debug|x64
		{08506782-277D-43E5-936A-91ABA4566EA2}.Debug|x64.Build.0 = Debug|x64
		{08506782-277D-43E5-936A-91ABA4566EA2}.Debug|x86.ActiveCfg = Debug|Win32
		{08506782-277D-43E5-936A-91ABA4566EA2}.Debug|x86.Build.0 = Debug|Win32
		{08506782-277D-43E5-936A-91ABA4566EA2}.Release|Any CPU.ActiveCfg = Release|Win32
		{08506782-277D-43E5-936A-91ABA4566EA2}.Release|x64.ActiveCfg = Release|x64
		{08506782-277D-43E5-936A-91ABA4566EA2}.Release|x64.Build.0 = Release|x64
		{08506782-277D-43E5-936A-91ABA4566EA2}.Release|x86.ActiveCfg = Release|Win32
		{08506782-277D-43E5-936A-91ABA4566EA2}.Release|x86.Build.0 = Release|Win32
		{C019BA08-E8D5-410A-8C80-3118117693BC}.Debug|Any CPU.ActiveCfg = Debug|Win32
		{C019BA08-E8D5-410A-8C80-3118117693BC}.Debug|x64.ActiveCfg = Debug|x64
		{C019BA08-E8D5-410A-8C80-3118117693BC}.Debug|x64.Build.0 = Debug|x64
		{C019BA08-E8D5-410A-8C80-3118117693BC}.Debug|x86.ActiveCfg = Debug|Win32
		{C019BA08-E8D5-410A-8C80-3118117693BC}.Debug|x86.Build.0 = Debug|Win32
		{C019BA08-E8D5-410A-8C80-3118117693BC}.Release|Any CPU.ActiveCfg = Release|Win32
		{C019BA08-E8D5-410A-8C80-3118117693BC}.Release|x64.ActiveCfg = Release|x64
		{C019BA08-E8D5-410A-8C80-3118117693BC}.Release|x64.Build.0 = Release|x64
		{C019BA08-E8D5-410A-8C80-3118117693BC}.Release|x86.ActiveCfg = Release|Win32
		{C019BA08-E8D5-410A-8C80-3118117693BC}.Release|x86.Build.0 = Release|Win32
		{540AD742-2D4F-4576-8358-7B25BAE470CC}.Debug|Any CPU.ActiveCfg = Debug|Win32
		{540AD742-2D4F-4576-8358-7B25BAE470CC}.Debug|x64.ActiveCfg = Debug|x64
		{540AD742-2D4F-4576-8358-7B25BAE470CC}.Debug|x64.Build.0 = Debug|x64
		{540AD742-2D4F-4576-8358-7B25BAE470CC}.Debug|x86.ActiveCfg = Debug|Win32
		{540AD742-2D4F-4576-8358-7B25BAE470CC}.Debug|x86.Build.0 = Debug|Win32
		{540AD742-2D4F-4576-8358-7B25BAE470CC}.Release|Any CPU.ActiveCfg = Release|Win32
		{540AD742-2D4F-4576-8358-7B25BAE470CC}.Release|x64.ActiveCfg = Release|x64
		{540AD742-2D4F-4576-8358-7B25BAE470CC}.Release|x64.Build.0 = Release|x64
		{540AD742-2D4F-4576-8358-7B25BAE470CC}.Release|x86.ActiveCfg = Release|Win32
		{540AD742-2D4F-4576-8358-7B25BAE470CC}.Release|x86.Build.0 = Release|Win32
		{863FF1B9-B49B-4CCD-93BC-B6DC71E69E7A}.Debug|Any CPU.ActiveCfg = Debug|Win32
		{863FF1B9-B49B-4CCD-93BC-B6DC71E69E7A}.Debug|x64.ActiveCfg = Debug|x64
		{863FF1B9-B49B-4CCD-93BC-B6DC71E69E7A}.Debug|x64.Build.0 = Debug|x64
		{863FF1B9-B49B-4CCD-93BC-B6DC71E69E7A}.Debug|x86.ActiveCfg = Debug|Win32
		{863FF1B9-B49B-4CCD-93BC-B6DC71E69E7A}.Debug|x86.Build.0 = Debug|Win32
		{863FF1B9-B49B-4CCD-93BC-B6DC71E69E7A}.Release|Any CPU.ActiveCfg = Release|Win32
		{863FF1B9-B49B-4CCD-93BC-B6DC71E69E7A}.Release|x64.ActiveCfg = Release|x64
		{863FF1B9-B49B-4CCD-93BC-B6DC71E69E7A}.Release|x64.Build.0 = Release|x64
		{863FF1B9-B49B-4CCD-93BC-B6DC71E69E7A}.Release|x86.ActiveCfg = Release|Win32
		{863FF1B9-B49B-4CCD-93BC-B6DC71E69E7A}.Release|x86.Build.0 = Release|Win32
		{8AC2E7AD-35CB-41C0-AF3F-0C7E5ABAC529}.Debug|Any CPU.ActiveCfg = Debug|Win32
		{8AC2E7AD-35CB-41C0-AF3F-0C7E5ABAC529}.Debug|x64.ActiveCfg = Debug|x64
		{8AC2E7AD-35CB-41C0-AF3F-0C7E5ABAC529}.Debug|x64.Build.0 = Debug|x64
		{8AC2E7AD-35CB-41C0-AF3F-0C7E5ABAC529}.Debug|x86.ActiveCfg = Debug|Win32
		{8AC2E7AD-35CB-41C0-AF3F-0C7E5ABAC529}.Debug|x86.Build.0 = Debug|Win32
		{8AC2E7AD-35CB-41C0-AF3F-0C7E5ABAC529}.Release|Any CPU.ActiveCfg = Release|Win32
		{8AC2E7AD-35CB-41C0-AF3F-0C7E5ABAC529}.Release|x64.ActiveCfg = Release|x64
		{8AC2E7AD-35CB-41C0-AF3F-0C7E5ABAC529}.Release|x64.Build.0 = Release|x64
		{8AC2E7AD-35CB-41C0-AF3F-0C7E5ABAC529}.Release|x86.ActiveCfg = Release|Win32
		{8AC2E7AD-35CB-41C0-AF3F-0C7E5ABAC529}.Release|x86.Build.0 = Release|Win32
		{83D3E997-CF64-4D6D-AFAB-883FBB95F0E3}.Debug|Any CPU.ActiveCfg = Debug|Win32
		{83D3E997-CF64-4D6D-AFAB-883FBB95F0E3}.Debug|x64.ActiveCfg = Debug|x64
		{83D3E997-CF64-4D6D-AFAB-883FBB95F0E3}.Debug|x64.Build.0 = Debug|x64
		{83D3E997-CF64-4D6D-AFAB-883FBB95F0E3}.Debug|x86.ActiveCfg = Debug|Win32
		{83D3E997-CF64-4D6D-AFAB-883FBB95F0E3}.Debug|x86.Build.0 = Debug|Win32
		{83D3E997-CF64-4D6D-AFAB-883FBB95F0E3}.Release|Any CPU.ActiveCfg = Release|Win32
		{83D3E997-CF64-4D6D-AFAB-883FBB95F0E3}.Release|x64.ActiveCfg = Release|x64
		{83D3E997-CF64-4D6D-AFAB-883FBB95F0E3}.Release|x64.Build.0 = Release|x64
		{83D3E997-CF64-4D6D-AFAB-883FBB95F0E3}.Release|x86.ActiveCfg = Release|Win32
		{83D3E997-CF64-4D6D-AFAB-883FBB95F0E3}.Release|x86.Build.0 = Release|Win32
		{FFD06BD0-094D-4429-9ED1-B8D27F303748}.Debug|Any CPU.ActiveCfg = Debug|Win32
		{FFD06BD0-094D-4429-9ED1-B8D27F303748}.Debug|x64.ActiveCfg = Debug|x64
		{FFD06BD0-094D-4429-9ED1-B8D27F303748}.Debug|x64.Build.0 = Debug|x64
		{FFD06BD0-094D-4429-9ED1-B8D27F303748}.Debug|x86.ActiveCfg = Debug|Win32
		{FFD06BD0-094D-4429-9ED1-B8D27F303748}.Debug|x86.Build.0 = Debug|Win32
		{FFD06BD0-094D-4429-9ED1-B8D27F303748}.Release|Any CPU.ActiveCfg = Release|Win32
		{FFD06BD0-094D-4429-9ED1-B8D27F303748}.Release|x64.ActiveCfg = Release|x64
		{FFD06BD0-094D-4429-9ED1-B8D27F303748}.Release|x64.Build.0 = Release|x64
		{FFD06BD0-094D-4429-9ED1-B8D27F303748}.Release|x86.ActiveCfg = Release|Win32
		{FFD06BD0-094D-4429-9ED1-B8D27F303748}.Release|x86.Build.0 = Release|Win32
		{44BC5A90-079D-4E5C-BE72-7FB4B3CFE281}.Debug|Any CPU.ActiveCfg = Debug|Win32
		{44BC5A90-079D-4E5C-BE72-7FB4B3CFE281}.Debug|x64.ActiveCfg = Debug|x64
		{44BC5A90-079D-4E5C-BE72-7FB4B3CFE281}.Debug|x64.Build.0 = Debug|x64
		{44BC5A90-079D-4E5C-BE72-7FB4B3CFE281}.Debug|x86.ActiveCfg = Debug|Win32
		{44BC5A90-079D-4E5C-BE72-7FB4B3CFE281}.Debug|x86.Build.0 = Debug|Win32
		{44BC5A90-079D-4E5C-BE72-7FB4B3CFE281}.Release|Any CPU.ActiveCfg = Release|Win32
		{44BC5A90-079D-4E5C-BE72-7FB4B3CFE281}.Release|x64.ActiveCfg = Release|x64
		{44BC5A90-079D-4E5C-BE72-7FB4B3CFE281}.Release|x64.Build.0 = Release|x64
		{44BC5A90-079D-4E5C-BE72-7FB4B3CFE281}.Release|x86.ActiveCfg = Release|Win32
		{44BC5A90-079D-4E5C-BE72-7FB4B3CFE281}.Release|x86.Build.0 = Release|Win32
		{94398B34-91F8-444F-9A99-72F22A84692B}.Debug|Any CPU.ActiveCfg = Debug|Win32
		{94398B34-91F8-444F-9A99-72F22A84692B}.Debug|x64.ActiveCfg = Debug|x64
		{94398B34-91F8-444F-9A99-72F22A84692B}.Debug|x64.Build.0 = Debug|x64
		{94398B34-91F8-444F-9A99-72F22A84692B}.Debug|x86.ActiveCfg = Debug|Win32
		{94398B34-91F8-444F-9A99-72F22A84692B}.Debug|x86.Build.0 = Debug|Win32
		{94398B34-91F8-444F-9A99-72F22A84692B}.Release|Any CPU.ActiveCfg = Release|Win32
		{94398B34-91F8-444F-9A99-72F22A84692B}.Release|x64.ActiveCfg = Release|x64
		{94398B34-91F8-444F-9A99-72F22A84692B}.Release|x64.Build.0 = Release|x64
		{94398B34-91F8-444F-9A99-72F22A84692B}.Release|x86.ActiveCfg = Release|Win32
		{94398B34-91F8-444F-9A99-72F22A84692B}.Release|x86.Build.0 = Release|Win32
		{7AEF0C53-AAB9-4986-993C-2E9FA8177453}.Debug|Any CPU.ActiveCfg = Debug|Win32
		{7AEF0C53-AAB9-4986-993C-2E9FA8177453}.Debug|x64.ActiveCfg = Debug|x64
		{7AEF0C53-AAB9-4986-993C-2E9FA8177453}.Debug|x64.Build.0 = Debug|x64
		{7AEF0C53-AAB9-4986-993C-2E9FA8177453}.Debug|x86.ActiveCfg = Debug|Win32
		{7AEF0C53-AAB9-4986-993C-2E9FA8177453}.Debug|x86.Build.0 = Debug|Win32
		{7AEF0C53-AAB9-4986-993C-2E9FA8177453}.Release|Any CPU.ActiveCfg = Release|Win32
		{7AEF0C53-AAB9-4986-993C-2E9FA8177453}.Release|x64.ActiveCfg = Release|x64
		{7AEF0C53-AAB9-4986-993C-2E9FA8177453}.Release|x64.Build.0 = Release|x64
		{7AEF0C53-AAB9-4986-993C-2E9FA8177453}.Release|x86.ActiveCfg = Release|Win32
		{7AEF0C53-AAB9-4986-993C-2E9FA8177453}.Release|x86.Build.0 = Release|Win32
		{82C32A0D-8BD4-4942-8D8F-E25230CA4F48}.Debug|Any CPU.ActiveCfg = Debug|Win32
		{82C32A0D-8BD4-4942-8D8F-E25230CA4F48}.Debug|x64.ActiveCfg = Debug|x64
		{82C32A0D-8BD4-4942-8D8F-E25230CA4F48}.Debug|x64.Build.0 = Debug|x64
		{82C32A0D-8BD4-4942-8D8F-E25230CA4F48}.Debug|x86.ActiveCfg = Debug|Win32
		{82C32A0D-8BD4-4942-8D8F-E25230CA4F48}.Debug|x86.Build.0 = Debug|Win32
		{82C32A0D-8BD4-4942-8D8F-E25230CA4F48}.Release|Any CPU.ActiveCfg = Release|Win32
		{82C32A0D-8BD4-4942-8D8F-E25230CA4F48}.Release|x64.ActiveCfg = Release|x64
		{82C32A0D-8BD4-4942-8D8F-E25230CA4F48}.Release|x64.Build.0 = Release|x64
		{82C32A0D-8BD4-4942-8D8F-E25230CA4F48}.Release|x86.ActiveCfg = Release|Win32
		{82C32A0D-8BD4-4942-8D8F-E25230CA4F48}.Release|x86.Build.0 = Release|Win32
		{42554A07-B3BD-4B51-91CC-61B33606A3D8}.Debug|Any CPU.ActiveCfg = Debug|Win32
		{42554A07-B3BD-4B51-91CC-61B33606A3D8}.Debug|x64.ActiveCfg = Debug|x64
		{42554A07-B3BD-4B51-91CC-61B33606A3D8}.Debug|x64.Build.0 = Debug|x64
		{42554A07-B3BD-4B51-91CC-61B33606A3D8}.Debug|x86.ActiveCfg = Debug|Win32
		{42554A07-B3BD-4B51-91CC-61B33606A3D8}.Debug|x86.Build.0 = Debug|Win32
		{42554A07-B3BD-4B51-91CC-61B33606A3D8}.Release|Any CPU.ActiveCfg = Release|Win32
		{42554A07-B3BD-4B51-91CC-61B33606A3D8}.Release|x64.ActiveCfg = Release|x64
		{42554A07-B3BD-4B51-91CC-61B33606A3D8}.Release|x64.Build.0 = Release|x64
		{42554A07-B3BD-4B51-91CC-61B33606A3D8}.Release|x86.ActiveCfg = Release|Win32
		{42554A07-B3BD-4B51-91CC-61B33606A3D8}.Release|x86.Build.0 = Release|Win32
		{EAD703F7-532A-47E4-806E-EF35461FE633}.Debug|Any CPU.ActiveCfg = Debug|Win32
		{EAD703F7-532A-47E4-806E-EF35461FE633}.Debug|x64.ActiveCfg = Debug|x64
		{EAD703F7-532A-47E4-806E-EF35461FE633}.Debug|x64.Build.0 = Debug|x64
		{EAD703F7-532A-47E4-806E-EF35461FE633}.Debug|x86.ActiveCfg = Debug|Win32
		{EAD703F7-532A-47E4-806E-EF35461FE633}.Debug|x86.Build.0 = Debug|Win32
		{EAD703F7-532A-47E4-806E-EF35461FE633}.Release|Any CPU.ActiveCfg = Release|Win32
		{EAD703F7-532A-47E4-806E-EF35461FE633}.Release|x64.ActiveCfg = Release|x64
		{EAD703F7-532A-47E4-806E-EF35461FE633}.Release|x64.Build.0 = Release|x64
		{EAD703F7-532A-47E4-806E-EF35461FE633}.Release|x86.ActiveCfg = Release|Win32
		{EAD703F7-532A-47E4-806E-EF35461FE633}.Release|x86.Build.0 = Release|Win32
		{1967475B-024A-49DC-8604-4FAD8D018DEC}.Debug|Any CPU.ActiveCfg = Debug|Win32
		{1967475B-024A-49DC-8604-4FAD8D018DEC}.Debug|x64.ActiveCfg = Debug|x64
		{1967475B-024A-49DC-8604-4FAD8D018DEC}.Debug|x64.Build.0 = Debug|x64
		{1967475B-024A-49DC-8604-4FAD8D018DEC}.Debug|x86.ActiveCfg = Debug|Win32
		{1967475B-024A-49DC-8604-4FAD8D018DEC}.Debug|x86.Build.0 = Debug|Win32
		{1967475B-024A-49DC-8604-4FAD8D018DEC}.Release|Any CPU.ActiveCfg = Release|Win32
		{1967475B-024A-49DC-8604-4FAD8D018DEC}.Release|x64.ActiveCfg = Release|x64
		{1967475B-024A-49DC-8604-4FAD8D018DEC}.Release|x64.Build.0 = Release|x64
		{1967475B-024A-49DC-8604-4FAD8D018DEC}.Release|x86.ActiveCfg = Release|Win32
		{1967475B-024A-49DC-8604-4FAD8D018DEC}.Release|x86.Build.0 = Release|Win32
		{5259A80F-9C61-436D-827A-1CB17A3BFCD2}.Debug|Any CPU.ActiveCfg = Debug|Win32
		{5259A80F-9C61-436D-827A-1CB17A3BFCD2}.Debug|x64.ActiveCfg = Debug|x64
		{5259A80F-9C61-436D-827A-1CB17A3BFCD2}.Debug|x64.Build.0 = Debug|x64
		{5259A80F-9C61-436D-827A-1CB17A3BFCD2}.Debug|x86.ActiveCfg = Debug|Win32
		{5259A80F-9C61-436D-827A-1CB17A3BFCD2}.Debug|x86.Build.0 = Debug|Win32
		{5259A80F-9C61-436D-827A-1CB17A3BFCD2}.Release|Any CPU.ActiveCfg = Release|Win32
		{5259A80F-9C61-436D-827A-1CB17A3BFCD2}.Release|x64.ActiveCfg = Release|x64
		{5259A80F-9C61-436D-827A-1CB17A3BFCD2}.Release|x64.Build.0 = Release|x64
		{5259A80F-9C61-436D-827A-1CB17A3BFCD2}.Release|x86.ActiveCfg = Release|Win32
		{5259A80F-9C61-436D-827A-1CB17A3BFCD2}.Release|x86.Build.0 = Release|Win32
		{C41741C5-C0CA-413F-9A25-FE3C7CF38EBA}.Debug|Any CPU.ActiveCfg = Debug|Win32
		{C41741C5-C0CA-413F-9A25-FE3C7CF38EBA}.Debug|x64.ActiveCfg = Debug|x64
		{C41741C5-C0CA-413F-9A25-FE3C7CF38EBA}.Debug|x64.Build.0 = Debug|x64
		{C41741C5-C0CA-413F-9A25-FE3C7CF38EBA}.Debug|x86.ActiveCfg = Debug|Win32
		{C41741C5-C0CA-413F-9A25-FE3C7CF38EBA}.Debug|x86.Build.0 = Debug|Win32
		{C41741C5-C0CA-413F-9A25-FE3C7CF38EBA}.Release|Any CPU.ActiveCfg = Release|Win32
		{C41741C5-C0CA-413F-9A25-FE3C7CF38EBA}.Release|x64.ActiveCfg = Release|x64
		{C41741C5-C0CA-413F-9A25-FE3C7CF38EBA}.Release|x64.Build.0 = Release|x64
		{C41741C5-C0CA-413F-9A25-FE3C7CF38EBA}.Release|x86.ActiveCfg = Release|Win32
		{C41741C5-C0CA-413F-9A25-FE3C7CF38EBA}.Release|x86.Build.0 = Release|Win32
		{23EC347C-676A-44B3-81D4-E4FBE0D7E08E}.Debug|Any CPU.ActiveCfg = Debug|Win32
		{23EC347C-676A-44B3-81D4-E4FBE0D7E08E}.Debug|x64.ActiveCfg = Debug|x64
		{23EC347C-676A-44B3-81D4-E4FBE0D7E08E}.Debug|x64.Build.0 = Debug|x64
		{23EC347C-676A-44B3-81D4-E4FBE0D7E08E}.Debug|x86.ActiveCfg = Debug|Win32
		{23EC347C-676A-44B3-81D4-E4FBE0D7E08E}.Debug|x86.Build.0 = Debug|Win32
		{23EC347C-676A-44B3-81D4-E4FBE0D7E08E}.Release|Any CPU.ActiveCfg = Release|Win32
		{23EC347C-676A-44B3-81D4-E4FBE0D7E08E}.Release|x64.ActiveCfg = Release|x64
		{23EC347C-676A-44B3-81D4-E4FBE0D7E08E}.Release|x64.Build.0 = Release|x64
		{23EC347C-676A-44B3-81D4-E4FBE0D7E08E}.Release|x86.ActiveCfg = Release|Win32
		{23EC347C-676A-44B3-81D4-E4FBE0D7E08E}.Release|x86.Build.0 = Release|Win32
		{62F825F9-9DE3-4F83-B5A0-1BCAC9E436C6}.Debug|Any CPU.ActiveCfg = Debug|Win32
		{62F825F9-9DE3-4F83-B5A0-1BCAC9E436C6}.Debug|x64.ActiveCfg = Debug|x64
		{62F825F9-9DE3-4F83-B5A0-1BCAC9E436C6}.Debug|x64.Build.0 = Debug|x64
		{62F825F9-9DE3-4F83-B5A0-1BCAC9E436C6}.Debug|x86.ActiveCfg = Debug|Win32
		{62F825F9-9DE3-4F83-B5A0-1BCAC9E436C6}.Debug|x86.Build.0 = Debug|Win32
		{62F825F9-9DE3-4F83-B5A0-1BCAC9E436C6}.Release|Any CPU.ActiveCfg = Release|Win32
		{62F825F9-9DE3-4F83-B5A0-1BCAC9E436C6}.Release|x64.ActiveCfg = Release|x64
		{62F825F9-9DE3-4F83-B5A0-1BCAC9E436C6}.Release|x64.Build.0 = Release|x64
		{62F825F9-9DE3-4F83-B5A0-1BCAC9E436C6}.Release|x86.ActiveCfg = Release|Win32
		{62F825F9-9DE3-4F83-B5A0-1BCAC9E436C6}.Release|x86.Build.0 = Release|Win32
		{365C723C-8835-4C52-B63B-E842D1AF6443}.Debug|Any CPU.ActiveCfg = Debug|Win32
		{365C723C-8835-4C52-B63B-E842D1AF6443}.Debug|x64.ActiveCfg = Debug|x64
		{365C723C-8835-4C52-B63B-E842D1AF6443}.Debug|x64.Build.0 = Debug|x64
		{365C723C-8835-4C52-B63B-E842D1AF6443}.Debug|x86.ActiveCfg = Debug|Win32
		{365C723C-8835-4C52-B63B-E842D1AF6443}.Debug|x86.Build.0 = Debug|Win32
		{365C723C-8835-4C52-B63B-E842D1AF6443}.Release|Any CPU.ActiveCfg = Release|Win32
		{365C723C-8835-4C52-B63B-E842D1AF6443}.Release|x64.ActiveCfg = Release|x64
		{365C723C-8835-4C52-B63B-E842D1AF6443}.Release|x64.Build.0 = Release|x64
		{365C723C-8835-4C52-B63B-E842D1AF6443}.Release|x86.ActiveCfg = Release|Win32
		{365C723C-8835-4C52-B63B-E842D1AF6443}.Release|x86.Build.0 = Release|Win32
		{4D73E719-4ABC-4532-A8D7-D229D6434CB7}.Debug|Any CPU.ActiveCfg = Debug|Win32
		{4D73E719-4ABC-4532-A8D7-D229D6434CB7}.Debug|x64.ActiveCfg = Debug|x64
		{4D73E719-4ABC-4532-A8D7-D229D6434CB7}.Debug|x64.Build.0 = Debug|x64
		{4D73E719-4ABC-4532-A8D7-D229D6434CB7}.Debug|x86.ActiveCfg = Debug|Win32
		{4D73E719-4ABC-4532-A8D7-D229D6434CB7}.Debug|x86.Build.0 = Debug|Win32
		{4D73E719-4ABC-4532-A8D7-D229D6434CB7}.Release|Any CPU.ActiveCfg = Release|Win32
		{4D73E719-4ABC-4532-A8D7-D229D6434CB7}.Release|x64.ActiveCfg = Release|x64
		{4D73E719-4ABC-4532-A8D7-D229D6434CB7}.Release|x64.Build.0 = Release|x64
		{4D73E719-4ABC-4532-A8D7-D229D6434CB7}.Release|x86.ActiveCfg = Release|Win32
		{4D73E719-4ABC-4532-A8D7-D229D6434CB7}.Release|x86.Build.0 = Release|Win32
		{DA34EF44-F1EF-42F0-9641-076C4CFC8A21}.Debug|Any CPU.ActiveCfg = Debug|Win32
		{DA34EF44-F1EF-42F0-9641-076C4CFC8A21}.Debug|x64.ActiveCfg = Debug|x64
		{DA34EF44-F1EF-42F0-9641-076C4CFC8A21}.Debug|x64.Build.0 = Debug|x64
		{DA34EF44-F1EF-42F0-9641-076C4CFC8A21}.Debug|x86.ActiveCfg = Debug|Win32
		{DA34EF44-F1EF-42F0-9641-076C4CFC8A21}.Debug|x86.Build.0 = Debug|Win32
		{DA34EF44-F1EF-42F0-9641-076C4CFC8A21}.Release|Any CPU.ActiveCfg = Release|Win32
		{DA34EF44-F1EF-42F0-9641-076C4CFC8A21}.Release|x64.ActiveCfg = Release|x64
		{DA34EF44-F1EF-42F0-9641-076C4CFC8A21}.Release|x64.Build.0 = Release|x64
		{DA34EF44-F1EF-42F0-9641-076C4CFC8A21}.Release|x86.ActiveCfg = Release|Win32
		{DA34EF44-F1EF-42F0-9641-076C4CFC8A21}.Release|x86.Build.0 = Release|Win32
		{08646D24-CD4C-4BEA-BBF4-4C6A69444C4A}.Debug|Any CPU.ActiveCfg = Debug|Win32
		{08646D24-CD4C-4BEA-BBF4-4C6A69444C4A}.Debug|x64.ActiveCfg = Debug|x64
		{08646D24-CD4C-4BEA-BBF4-4C6A69444C4A}.Debug|x64.Build.0 = Debug|x64
		{08646D24-CD4C-4BEA-BBF4-4C6A69444C4A}.Debug|x86.ActiveCfg = Debug|Win32
		{08646D24-CD4C-4BEA-BBF4-4C6A69444C4A}.Debug|x86.Build.0 = Debug|Win32
		{08646D24-CD4C-4BEA-BBF4-4C6A69444C4A}.Release|Any CPU.ActiveCfg = Release|Win32
		{08646D24-CD4C-4BEA-BBF4-4C6A69444C4A}.Release|x64.ActiveCfg = Release|x64
		{08646D24-CD4C-4BEA-BBF4-4C6A69444C4A}.Release|x64.Build.0 = Release|x64
		{08646D24-CD4C-4BEA-BBF4-4C6A69444C4A}.Release|x86.ActiveCfg = Release|Win32
		{08646D24-CD4C-4BEA-BBF4-4C6A69444C4A}.Release|x86.Build.0 = Release|Win32
		{4E1D7F1C-8FC1-4DB6-8C15-01EC19982F78}.Debug|Any CPU.ActiveCfg = Debug|Win32
		{4E1D7F1C-8FC1-4DB6-8C15-01EC19982F78}.Debug|x64.ActiveCfg = Debug|x64
		{4E1D7F1C-8FC1-4DB6-8C15-01EC19982F78}.Debug|x64.Build.0 = Debug|x64
		{4E1D7F1C-8FC1-4DB6-8C15-01EC19982F78}.Debug|x86.ActiveCfg = Debug|Win32
		{4E1D7F1C-8FC1-4DB6-8C15-01EC19982F78}.Debug|x86.Build.0 = Debug|Win32
		{4E1D7F1C-8FC1-4DB6-8C15-01EC19982F78}.Release|Any CPU.ActiveCfg = Release|Win32
		{4E1D7F1C-8FC1-4DB6-8C15-01EC19982F78}.Release|x64.ActiveCfg = Release|x64
		{4E1D7F1C-8FC1-4DB6-8C15-01EC19982F78}.Release|x64.Build.0 = Release|x64
		{4E1D7F1C-8FC1-4DB6-8C15-01EC19982F78}.Release|x86.ActiveCfg = Release|Win32
		{4E1D7F1C-8FC1-4DB6-8C15-01EC19982F78}.Release|x86.Build.0 = Release|Win32
		{F8E9FD31-EBE6-4732-A521-A1689430B2A9}.Debug|Any CPU.ActiveCfg = Debug|Win32
		{F8E9FD31-EBE6-4732-A521-A1689430B2A9}.Debug|x64.ActiveCfg = Debug|x64
		{F8E9FD31-EBE6-4732-A521-A1689430B2A9}.Debug|x64.Build.0 = Debug|x64
		{F8E9FD31-EBE6-4732-A521-A1689430B2A9}.Debug|x86.ActiveCfg = Debug|Win32
		{F8E9FD31-EBE6-4732-A521-A1689430B2A9}.Debug|x86.Build.0 = Debug|Win32
		{F8E9FD31-EBE6-4732-A521-A1689430B2A9}.Release|Any CPU.ActiveCfg = Release|Win32
		{F8E9FD31-EBE6-4732-A521-A1689430B2A9}.Release|x64.ActiveCfg = Release|x64
		{F8E9FD31-EBE6-4732-A521-A1689430B2A9}.Release|x64.Build.0 = Release|x64
		{F8E9FD31-EBE6-4732-A521-A1689430B2A9}.Release|x86.ActiveCfg = Release|Win32
		{F8E9FD31-EBE6-4732-A521-A1689430B2A9}.Release|x86.Build.0 = Release|Win32
		{BA3150C1-66D2-443F-84B8-C2D2CD2CB069}.Debug|Any CPU.ActiveCfg = Debug|Win32
		{BA3150C1-66D2-443F-84B8-C2D2CD2CB069}.Debug|x64.ActiveCfg = Debug|x64
		{BA3150C1-66D2-443F-84B8-C2D2CD2CB069}.Debug|x64.Build.0 = Debug|x64
		{BA3150C1-66D2-443F-84B8-C2D2CD2CB069}.Debug|x86.ActiveCfg = Debug|Win32
		{BA3150C1-66D2-443F-84B8-C2D2CD2CB069}.Debug|x86.Build.0 = Debug|Win32
		{BA3150C1-66D2-443F-84B8-C2D2CD2CB069}.Release|Any CPU.ActiveCfg = Release|Win32
		{BA3150C1-66D2-443F-84B8-C2D2CD2CB069}.Release|x64.ActiveCfg = Release|x64
		{BA3150C1-66D2-443F-84B8-C2D2CD2CB069}.Release|x64.Build.0 = Release|x64
		{BA3150C1-66D2-443F-84B8-C2D2CD2CB069}.Release|x86.ActiveCfg = Release|Win32
		{BA3150C1-66D2-443F-84B8-C2D2CD2CB069}.Release|x86.Build.0 = Release|Win32
		{E2FBD0CE-0CA6-4EB5-B317-58CD595F4E54}.Debug|Any CPU.ActiveCfg = Debug|Any CPU
		{E2FBD0CE-0CA6-4EB5-B317-58CD595F4E54}.Debug|x64.ActiveCfg = Debug|Any CPU
		{E2FBD0CE-0CA6-4EB5-B317-58CD595F4E54}.Debug|x86.ActiveCfg = Debug|Any CPU
		{E2FBD0CE-0CA6-4EB5-B317-58CD595F4E54}.Release|Any CPU.ActiveCfg = Release|Any CPU
		{E2FBD0CE-0CA6-4EB5-B317-58CD595F4E54}.Release|x64.ActiveCfg = Release|Any CPU
		{E2FBD0CE-0CA6-4EB5-B317-58CD595F4E54}.Release|x86.ActiveCfg = Release|Any CPU
		{A204DD88-984F-47C7-A725-951E04831DE7}.Debug|Any CPU.ActiveCfg = Debug|Any CPU
		{A204DD88-984F-47C7-A725-951E04831DE7}.Debug|x64.ActiveCfg = Debug|Any CPU
		{A204DD88-984F-47C7-A725-951E04831DE7}.Debug|x86.ActiveCfg = Debug|Any CPU
		{A204DD88-984F-47C7-A725-951E04831DE7}.Release|Any CPU.ActiveCfg = Release|Any CPU
		{A204DD88-984F-47C7-A725-951E04831DE7}.Release|x64.ActiveCfg = Release|Any CPU
		{A204DD88-984F-47C7-A725-951E04831DE7}.Release|x86.ActiveCfg = Release|Any CPU
		{4452D190-759F-49C2-BC41-35A8CA36BC85}.Debug|Any CPU.ActiveCfg = Debug|Any CPU
		{4452D190-759F-49C2-BC41-35A8CA36BC85}.Debug|x64.ActiveCfg = Debug|Any CPU
		{4452D190-759F-49C2-BC41-35A8CA36BC85}.Debug|x86.ActiveCfg = Debug|Any CPU
		{4452D190-759F-49C2-BC41-35A8CA36BC85}.Release|Any CPU.ActiveCfg = Release|Any CPU
		{4452D190-759F-49C2-BC41-35A8CA36BC85}.Release|x64.ActiveCfg = Release|Any CPU
		{4452D190-759F-49C2-BC41-35A8CA36BC85}.Release|x86.ActiveCfg = Release|Any CPU
		{C6119218-4BB4-40AD-B6BC-599D939BB4BA}.Debug|Any CPU.ActiveCfg = Debug|Any CPU
		{C6119218-4BB4-40AD-B6BC-599D939BB4BA}.Debug|x64.ActiveCfg = Debug|Any CPU
		{C6119218-4BB4-40AD-B6BC-599D939BB4BA}.Debug|x86.ActiveCfg = Debug|Any CPU
		{C6119218-4BB4-40AD-B6BC-599D939BB4BA}.Release|Any CPU.ActiveCfg = Release|Any CPU
		{C6119218-4BB4-40AD-B6BC-599D939BB4BA}.Release|x64.ActiveCfg = Release|Any CPU
		{C6119218-4BB4-40AD-B6BC-599D939BB4BA}.Release|x86.ActiveCfg = Release|Any CPU
		{8F635812-73EE-4984-AA3A-213963734150}.Debug|Any CPU.ActiveCfg = Debug|Any CPU
		{8F635812-73EE-4984-AA3A-213963734150}.Debug|x64.ActiveCfg = Debug|Any CPU
		{8F635812-73EE-4984-AA3A-213963734150}.Debug|x86.ActiveCfg = Debug|Any CPU
		{8F635812-73EE-4984-AA3A-213963734150}.Release|Any CPU.ActiveCfg = Release|Any CPU
		{8F635812-73EE-4984-AA3A-213963734150}.Release|x64.ActiveCfg = Release|Any CPU
		{8F635812-73EE-4984-AA3A-213963734150}.Release|x86.ActiveCfg = Release|Any CPU
		{5F78E96B-2E13-49C1-B1AB-DEC6C537111D}.Debug|Any CPU.ActiveCfg = Debug|Any CPU
		{5F78E96B-2E13-49C1-B1AB-DEC6C537111D}.Debug|x64.ActiveCfg = Debug|Any CPU
		{5F78E96B-2E13-49C1-B1AB-DEC6C537111D}.Debug|x86.ActiveCfg = Debug|Any CPU
		{5F78E96B-2E13-49C1-B1AB-DEC6C537111D}.Release|Any CPU.ActiveCfg = Release|Any CPU
		{5F78E96B-2E13-49C1-B1AB-DEC6C537111D}.Release|x64.ActiveCfg = Release|Any CPU
		{5F78E96B-2E13-49C1-B1AB-DEC6C537111D}.Release|x86.ActiveCfg = Release|Any CPU
		{F55F225A-1AF7-405A-ABE2-6CD17BDD3DA1}.Debug|Any CPU.ActiveCfg = Debug|Any CPU
		{F55F225A-1AF7-405A-ABE2-6CD17BDD3DA1}.Debug|x64.ActiveCfg = Debug|Any CPU
		{F55F225A-1AF7-405A-ABE2-6CD17BDD3DA1}.Debug|x86.ActiveCfg = Debug|Any CPU
		{F55F225A-1AF7-405A-ABE2-6CD17BDD3DA1}.Release|Any CPU.ActiveCfg = Release|Any CPU
		{F55F225A-1AF7-405A-ABE2-6CD17BDD3DA1}.Release|x64.ActiveCfg = Release|Any CPU
		{F55F225A-1AF7-405A-ABE2-6CD17BDD3DA1}.Release|x86.ActiveCfg = Release|Any CPU
		{AFABD031-C2DA-49BC-85F6-645991BAB9EF}.Debug|Any CPU.ActiveCfg = Debug|Any CPU
		{AFABD031-C2DA-49BC-85F6-645991BAB9EF}.Debug|x64.ActiveCfg = Debug|Any CPU
		{AFABD031-C2DA-49BC-85F6-645991BAB9EF}.Debug|x86.ActiveCfg = Debug|Any CPU
		{AFABD031-C2DA-49BC-85F6-645991BAB9EF}.Release|Any CPU.ActiveCfg = Release|Any CPU
		{AFABD031-C2DA-49BC-85F6-645991BAB9EF}.Release|x64.ActiveCfg = Release|Any CPU
		{AFABD031-C2DA-49BC-85F6-645991BAB9EF}.Release|x86.ActiveCfg = Release|Any CPU
		{14B4FE0D-0F39-4EE4-A762-62DC90FA2F3A}.Debug|Any CPU.ActiveCfg = Debug|Any CPU
		{14B4FE0D-0F39-4EE4-A762-62DC90FA2F3A}.Debug|x64.ActiveCfg = Debug|Any CPU
		{14B4FE0D-0F39-4EE4-A762-62DC90FA2F3A}.Debug|x86.ActiveCfg = Debug|Any CPU
		{14B4FE0D-0F39-4EE4-A762-62DC90FA2F3A}.Release|Any CPU.ActiveCfg = Release|Any CPU
		{14B4FE0D-0F39-4EE4-A762-62DC90FA2F3A}.Release|x64.ActiveCfg = Release|Any CPU
		{14B4FE0D-0F39-4EE4-A762-62DC90FA2F3A}.Release|x86.ActiveCfg = Release|Any CPU
		{C618E4B5-D851-413A-966B-0A20261071B9}.Debug|Any CPU.ActiveCfg = Debug|Any CPU
		{C618E4B5-D851-413A-966B-0A20261071B9}.Debug|x64.ActiveCfg = Debug|Any CPU
		{C618E4B5-D851-413A-966B-0A20261071B9}.Debug|x86.ActiveCfg = Debug|Any CPU
		{C618E4B5-D851-413A-966B-0A20261071B9}.Release|Any CPU.ActiveCfg = Release|Any CPU
		{C618E4B5-D851-413A-966B-0A20261071B9}.Release|x64.ActiveCfg = Release|Any CPU
		{C618E4B5-D851-413A-966B-0A20261071B9}.Release|x86.ActiveCfg = Release|Any CPU
		{8796F9E0-CAF0-4918-AF82-7418C5A02CC9}.Debug|Any CPU.ActiveCfg = Debug|Any CPU
		{8796F9E0-CAF0-4918-AF82-7418C5A02CC9}.Debug|x64.ActiveCfg = Debug|Any CPU
		{8796F9E0-CAF0-4918-AF82-7418C5A02CC9}.Debug|x86.ActiveCfg = Debug|Any CPU
		{8796F9E0-CAF0-4918-AF82-7418C5A02CC9}.Release|Any CPU.ActiveCfg = Release|Any CPU
		{8796F9E0-CAF0-4918-AF82-7418C5A02CC9}.Release|x64.ActiveCfg = Release|Any CPU
		{8796F9E0-CAF0-4918-AF82-7418C5A02CC9}.Release|x86.ActiveCfg = Release|Any CPU
	EndGlobalSection
	GlobalSection(SolutionProperties) = preSolution
		HideSolutionNode = FALSE
	EndGlobalSection
	GlobalSection(ExtensibilityGlobals) = postSolution
		SolutionGuid = {2232F38E-959D-45A3-B79D-A9AFB29FEC36}
	EndGlobalSection
EndGlobal
